<?xml version="1.0" encoding="utf-8"?>
<Project ToolsVersion="4.0" xmlns="http://schemas.microsoft.com/developer/msbuild/2003">
  <ItemGroup>
    <ClCompile Include="connection.c">
      <Filter>Network</Filter>
    </ClCompile>
    <ClCompile Include="message.c">
      <Filter>Network</Filter>
    </ClCompile>
    <ClCompile Include="packet.c">
      <Filter>Network</Filter>
    </ClCompile>
    <ClCompile Include="protocol.c">
      <Filter>Network</Filter>
    </ClCompile>
    <ClCompile Include="entity.c">
      <Filter>Gameplay</Filter>
    </ClCompile>
    <ClCompile Include="physics.c">
      <Filter>Gameplay</Filter>
    </ClCompile>
    <ClCompile Include="player.c">
      <Filter>Gameplay</Filter>
    </ClCompile>
    <ClCompile Include="rules.c">
      <Filter>Gameplay</Filter>
    </ClCompile>
    <ClCompile Include="templates.c">
      <Filter>Gameplay</Filter>
    </ClCompile>
    <ClCompile Include="update.c">
      <Filter>Gameplay</Filter>
    </ClCompile>
    <ClCompile Include="client.c">
      <Filter>Network</Filter>
    </ClCompile>
    <ClCompile Include="server.c" />
    <ClCompile Include="array.c">
      <Filter>Utils</Filter>
    </ClCompile>
    <ClCompile Include="log.c">
      <Filter>Utils</Filter>
    </ClCompile>
    <ClCompile Include="pool.c">
      <Filter>Utils</Filter>
    </ClCompile>
    <ClCompile Include="pq.c">
      <Filter>Utils</Filter>
    </ClCompile>
    <ClCompile Include="uint.c">
      <Filter>Utils</Filter>
    </ClCompile>
    <ClCompile Include="queue.c">
      <Filter>Network</Filter>
    </ClCompile>
    <ClCompile Include="address.c">
      <Filter>Network</Filter>
    </ClCompile>
    <ClCompile Include="clock.c">
      <Filter>Utils</Filter>
    </ClCompile>
    <ClCompile Include="debug.c">
      <Filter>Utils</Filter>
    </ClCompile>
    <ClCompile Include="event.c">
      <Filter>Gameplay</Filter>
    </ClCompile>
    <ClCompile Include="id.c">
      <Filter>Gameplay</Filter>
    </ClCompile>
    <ClCompile Include="performance.c">
      <Filter>Utils</Filter>
    </ClCompile>
    <ClCompile Include="real.c">
      <Filter>Utils</Filter>
    </ClCompile>
    <ClCompile Include="str.c">
      <Filter>Utils</Filter>
    </ClCompile>
  </ItemGroup>
  <ItemGroup>
    <ClInclude Include="address.h">
      <Filter>Network</Filter>
    </ClInclude>
    <ClInclude Include="connection.h">
      <Filter>Network</Filter>
    </ClInclude>
    <ClInclude Include="message.h">
      <Filter>Network</Filter>
    </ClInclude>
    <ClInclude Include="packet.h">
      <Filter>Network</Filter>
    </ClInclude>
    <ClInclude Include="entity.h">
      <Filter>Gameplay</Filter>
    </ClInclude>
    <ClInclude Include="rules.h">
      <Filter>Gameplay</Filter>
    </ClInclude>
    <ClInclude Include="update.h">
      <Filter>Gameplay</Filter>
    </ClInclude>
    <ClInclude Include="server.h" />
    <ClInclude Include="array.h">
      <Filter>Utils</Filter>
    </ClInclude>
    <ClInclude Include="bitset.h">
      <Filter>Utils</Filter>
    </ClInclude>
    <ClInclude Include="coroutine.h">
      <Filter>Utils</Filter>
    </ClInclude>
    <ClInclude Include="list.h">
      <Filter>Utils</Filter>
    </ClInclude>
    <ClInclude Include="log.h">
      <Filter>Utils</Filter>
    </ClInclude>
    <ClInclude Include="performance.h">
      <Filter>Utils</Filter>
    </ClInclude>
    <ClInclude Include="pool.h">
      <Filter>Utils</Filter>
    </ClInclude>
    <ClInclude Include="pq.h">
      <Filter>Utils</Filter>
    </ClInclude>
    <ClInclude Include="server_export.h">
      <Filter>Utils</Filter>
    </ClInclude>
    <ClInclude Include="uint.h">
      <Filter>Utils</Filter>
    </ClInclude>
    <ClInclude Include="vector.h">
      <Filter>Utils</Filter>
    </ClInclude>
    <ClInclude Include="attributes.h">
      <Filter>Utils</Filter>
    </ClInclude>
    <ClInclude Include="client.h">
      <Filter>Network</Filter>
    </ClInclude>
    <ClInclude Include="clock.h">
      <Filter>Utils</Filter>
    </ClInclude>
    <ClInclude Include="config.h">
      <Filter>Utils</Filter>
    </ClInclude>
    <ClInclude Include="debug.h">
      <Filter>Utils</Filter>
    </ClInclude>
    <ClInclude Include="event.h">
      <Filter>Gameplay</Filter>
    </ClInclude>
    <ClInclude Include="id.h">
      <Filter>Gameplay</Filter>
    </ClInclude>
    <ClInclude Include="physics.h">
      <Filter>Gameplay</Filter>
    </ClInclude>
    <ClInclude Include="player.h">
      <Filter>Gameplay</Filter>
    </ClInclude>
    <ClInclude Include="protocol.h">
      <Filter>Network</Filter>
    </ClInclude>
    <ClInclude Include="queue.h">
      <Filter>Network</Filter>
    </ClInclude>
    <ClInclude Include="real.h">
      <Filter>Utils</Filter>
    </ClInclude>
    <ClInclude Include="str.h">
      <Filter>Utils</Filter>
    </ClInclude>
    <ClInclude Include="templates.h">
      <Filter>Gameplay</Filter>
    </ClInclude>
    <ClInclude Include="types.h">
      <Filter>Gameplay</Filter>
    </ClInclude>
  </ItemGroup>
  <ItemGroup>
    <Filter Include="Network">
      <UniqueIdentifier>{e49de4e5-4e2a-473f-8f64-fa53e524b9c9}</UniqueIdentifier>
    </Filter>
    <Filter Include="Gameplay">
      <UniqueIdentifier>{ae153b2c-31cd-4bde-a455-538333b15782}</UniqueIdentifier>
    </Filter>
    <Filter Include="Utils">
      <UniqueIdentifier>{a8762f84-f2e6-4ddd-8c92-28354ab0100e}</UniqueIdentifier>
    </Filter>
  </ItemGroup>
</Project>