
Microsoft Visual Studio Solution File, Format Version 12.00
# Visual Studio 2013
VisualStudioVersion = 12.0.30110.0
MinimumVisualStudioVersion = 10.0.40219.1
Project("{FAE04EC0-301F-11D3-BF4B-00C04F79EFBC}") = "Pegasus UI", "Pegasus UI\Pegasus UI.csproj", "{032C4229-B3A4-417F-8ED3-B2470E371F2D}"
EndProject
Project("{FAE04EC0-301F-11D3-BF4B-00C04F79EFBC}") = "Lwar UI", "Lwar UI\Lwar UI.csproj", "{1785E559-5B80-4EB1-956F-415B210A6B45}"
EndProject
Global
	GlobalSection(SolutionConfigurationPlatforms) = preSolution
		Debug Direct3D11|x64 = Debug Direct3D11|x64
		Debug Direct3D11|x86 = Debug Direct3D11|x86
		Debug OpenGL3|x64 = Debug OpenGL3|x64
		Debug OpenGL3|x86 = Debug OpenGL3|x86
		Release Direct3D11|x64 = Release Direct3D11|x64
		Release Direct3D11|x86 = Release Direct3D11|x86
		Release OpenGL3|x64 = Release OpenGL3|x64
		Release OpenGL3|x86 = Release OpenGL3|x86
	EndGlobalSection
	GlobalSection(ProjectConfigurationPlatforms) = postSolution
		{032C4229-B3A4-417F-8ED3-B2470E371F2D}.Debug Direct3D11|x64.ActiveCfg = Debug Direct3D11|x64
		{032C4229-B3A4-417F-8ED3-B2470E371F2D}.Debug Direct3D11|x64.Build.0 = Debug Direct3D11|x64
		{032C4229-B3A4-417F-8ED3-B2470E371F2D}.Debug Direct3D11|x86.ActiveCfg = Debug Direct3D11|x86
		{032C4229-B3A4-417F-8ED3-B2470E371F2D}.Debug Direct3D11|x86.Build.0 = Debug Direct3D11|x86
		{032C4229-B3A4-417F-8ED3-B2470E371F2D}.Debug OpenGL3|x64.ActiveCfg = Debug OpenGL3|x64
		{032C4229-B3A4-417F-8ED3-B2470E371F2D}.Debug OpenGL3|x64.Build.0 = Debug OpenGL3|x64
		{032C4229-B3A4-417F-8ED3-B2470E371F2D}.Debug OpenGL3|x86.ActiveCfg = Debug OpenGL3|x86
		{032C4229-B3A4-417F-8ED3-B2470E371F2D}.Debug OpenGL3|x86.Build.0 = Debug OpenGL3|x86
		{032C4229-B3A4-417F-8ED3-B2470E371F2D}.Release Direct3D11|x64.ActiveCfg = Release Direct3D11|x64
		{032C4229-B3A4-417F-8ED3-B2470E371F2D}.Release Direct3D11|x64.Build.0 = Release Direct3D11|x64
		{032C4229-B3A4-417F-8ED3-B2470E371F2D}.Release Direct3D11|x86.ActiveCfg = Release Direct3D11|x86
		{032C4229-B3A4-417F-8ED3-B2470E371F2D}.Release Direct3D11|x86.Build.0 = Release Direct3D11|x86
		{032C4229-B3A4-417F-8ED3-B2470E371F2D}.Release OpenGL3|x64.ActiveCfg = Release OpenGL3|x64
		{032C4229-B3A4-417F-8ED3-B2470E371F2D}.Release OpenGL3|x64.Build.0 = Release OpenGL3|x64
		{032C4229-B3A4-417F-8ED3-B2470E371F2D}.Release OpenGL3|x86.ActiveCfg = Release OpenGL3|x86
		{032C4229-B3A4-417F-8ED3-B2470E371F2D}.Release OpenGL3|x86.Build.0 = Release OpenGL3|x86
		{1785E559-5B80-4EB1-956F-415B210A6B45}.Debug Direct3D11|x64.ActiveCfg = Debug Direct3D11|x64
		{1785E559-5B80-4EB1-956F-415B210A6B45}.Debug Direct3D11|x64.Build.0 = Debug Direct3D11|x64
		{1785E559-5B80-4EB1-956F-415B210A6B45}.Debug Direct3D11|x86.ActiveCfg = Debug Direct3D11|x86
		{1785E559-5B80-4EB1-956F-415B210A6B45}.Debug Direct3D11|x86.Build.0 = Debug Direct3D11|x86
		{1785E559-5B80-4EB1-956F-415B210A6B45}.Debug OpenGL3|x64.ActiveCfg = Debug OpenGL3|x64
		{1785E559-5B80-4EB1-956F-415B210A6B45}.Debug OpenGL3|x64.Build.0 = Debug OpenGL3|x64
		{1785E559-5B80-4EB1-956F-415B210A6B45}.Debug OpenGL3|x86.ActiveCfg = Debug OpenGL3|x86
		{1785E559-5B80-4EB1-956F-415B210A6B45}.Debug OpenGL3|x86.Build.0 = Debug OpenGL3|x86
		{1785E559-5B80-4EB1-956F-415B210A6B45}.Release Direct3D11|x64.ActiveCfg = Release Direct3D11|x64
		{1785E559-5B80-4EB1-956F-415B210A6B45}.Release Direct3D11|x64.Build.0 = Release Direct3D11|x64
		{1785E559-5B80-4EB1-956F-415B210A6B45}.Release Direct3D11|x86.ActiveCfg = Release Direct3D11|x86
		{1785E559-5B80-4EB1-956F-415B210A6B45}.Release Direct3D11|x86.Build.0 = Release Direct3D11|x86
		{1785E559-5B80-4EB1-956F-415B210A6B45}.Release OpenGL3|x64.ActiveCfg = Release OpenGL3|x64
		{1785E559-5B80-4EB1-956F-415B210A6B45}.Release OpenGL3|x64.Build.0 = Release OpenGL3|x64
		{1785E559-5B80-4EB1-956F-415B210A6B45}.Release OpenGL3|x86.ActiveCfg = Release OpenGL3|x86
		{1785E559-5B80-4EB1-956F-415B210A6B45}.Release OpenGL3|x86.Build.0 = Release OpenGL3|x86
	EndGlobalSection
	GlobalSection(SolutionProperties) = preSolution
		HideSolutionNode = FALSE
	EndGlobalSection
EndGlobal
