
Microsoft Visual Studio Solution File, Format Version 12.00
# Visual Studio 2012
Project("{2150E333-8FDC-42A3-9474-1A3956D46DE8}") = "Files", "Files", "{E9496A5E-3F93-4E70-91FE-2FCBF0942B01}"
	ProjectSection(SolutionItems) = preProject
		..\Documentation\network.txt = ..\Documentation\network.txt
		..\Documentation\todo.txt = ..\Documentation\todo.txt
		..\Documentation\ideas.txt = ..\Documentation\ideas.txt
		..\Documentation\physics.txt = ..\Documentation\physics.txt
		Build.fsx = Build.fsx
	EndProjectSection
EndProject
Project("{FAE04EC0-301F-11D3-BF4B-00C04F79EFBC}") = "Pegasus", "Pegasus\Pegasus\Pegasus.csproj", "{C8A6F23B-0B3D-4910-8512-BEDE93D1F604}"
EndProject
Project("{FAE04EC0-301F-11D3-BF4B-00C04F79EFBC}") = "Lwar", "Lwar\Lwar\Lwar.csproj", "{288C9D6B-72B8-4EFF-B636-E8886657AF1A}"
EndProject
Global
	GlobalSection(SolutionConfigurationPlatforms) = preSolution
		Debug Linux|x64 = Debug Linux|x64
		Release Linux|x64 = Release Linux|x64
	EndGlobalSection
	GlobalSection(ProjectConfigurationPlatforms) = postSolution
		{288C9D6B-72B8-4EFF-B636-E8886657AF1A}.Debug Linux|x64.ActiveCfg = Debug OpenGL3|Any CPU
		{288C9D6B-72B8-4EFF-B636-E8886657AF1A}.Debug Linux|x64.Build.0 = Debug OpenGL3|Any CPU
		{288C9D6B-72B8-4EFF-B636-E8886657AF1A}.Release Linux|x64.ActiveCfg = Release OpenGL3|Any CPU
		{288C9D6B-72B8-4EFF-B636-E8886657AF1A}.Release Linux|x64.Build.0 = Release OpenGL3|Any CPU
		{C8A6F23B-0B3D-4910-8512-BEDE93D1F604}.Debug Linux|x64.ActiveCfg = Debug|Any CPU
		{C8A6F23B-0B3D-4910-8512-BEDE93D1F604}.Debug Linux|x64.Build.0 = Debug|Any CPU
		{C8A6F23B-0B3D-4910-8512-BEDE93D1F604}.Release Linux|x64.ActiveCfg = Release|Any CPU
		{C8A6F23B-0B3D-4910-8512-BEDE93D1F604}.Release Linux|x64.Build.0 = Release|Any CPU
	EndGlobalSection
	GlobalSection(NestedProjects) = preSolution
	EndGlobalSection
	GlobalSection(MonoDevelopProperties) = preSolution
		StartupItem = Lwar\Lwar\Lwar.csproj
		Policies = $0
		$0.TextStylePolicy = $1
		$1.FileWidth = 140
		$1.TabsToSpaces = False
		$1.inheritsSet = VisualStudio
		$1.inheritsScope = text/plain
		$1.scope = text/x-csharp
		$0.CSharpFormattingPolicy = $2
		$2.IndentSwitchBody = True
		$2.AnonymousMethodBraceStyle = NextLine
		$2.PropertyBraceStyle = NextLine
		$2.PropertyGetBraceStyle = NextLine
		$2.PropertySetBraceStyle = NextLine
		$2.EventBraceStyle = NextLine
		$2.EventAddBraceStyle = NextLine
		$2.EventRemoveBraceStyle = NextLine
		$2.StatementBraceStyle = NextLine
		$2.ArrayInitializerBraceStyle = NextLine
		$2.BeforeMethodDeclarationParentheses = False
		$2.BeforeMethodCallParentheses = False
		$2.BeforeConstructorDeclarationParentheses = False
		$2.BeforeDelegateDeclarationParentheses = False
		$2.NewParentheses = False
		$2.inheritsSet = Mono
		$2.inheritsScope = text/x-csharp
		$2.scope = text/x-csharp
	EndGlobalSection
	GlobalSection(SolutionProperties) = preSolution
		HideSolutionNode = FALSE
	EndGlobalSection
EndGlobal
