
Microsoft Visual Studio Solution File, Format Version 12.00
# Visual Studio 2013
VisualStudioVersion = 12.0.30110.0
MinimumVisualStudioVersion = 10.0.40219.1
Project("{FAE04EC0-301F-11D3-BF4B-00C04F79EFBC}") = "lwar", "lwar\lwar.csproj", "{288C9D6B-72B8-4EFF-B636-E8886657AF1A}"
	ProjectSection(ProjectDependencies) = postProject
		{1F608B12-403C-4639-947A-B559E8EF121C} = {1F608B12-403C-4639-947A-B559E8EF121C}
		{8243791D-FE6E-40BF-A303-D981AE9968C2} = {8243791D-FE6E-40BF-A303-D981AE9968C2}
		{C8A6F23B-0B3D-4910-8512-BEDE93D1F604} = {C8A6F23B-0B3D-4910-8512-BEDE93D1F604}
		{1785E559-5B80-4EB1-956F-415B210A6B45} = {1785E559-5B80-4EB1-956F-415B210A6B45}
	EndProjectSection
EndProject
Project("{FAE04EC0-301F-11D3-BF4B-00C04F79EFBC}") = "Pegasus", "Pegasus\Pegasus.csproj", "{C8A6F23B-0B3D-4910-8512-BEDE93D1F604}"
	ProjectSection(ProjectDependencies) = postProject
		{8FACAC14-48D0-45B8-BB39-F926835C850E} = {8FACAC14-48D0-45B8-BB39-F926835C850E}
		{032C4229-B3A4-417F-8ED3-B2470E371F2D} = {032C4229-B3A4-417F-8ED3-B2470E371F2D}
		{E008FA73-A930-40B5-93A4-959A4D30492D} = {E008FA73-A930-40B5-93A4-959A4D30492D}
	EndProjectSection
EndProject
Project("{8BC9CEB8-8B4A-11D0-8D11-00A0C91BC942}") = "Platform", "Other\Platform\Platform.vcxproj", "{E008FA73-A930-40B5-93A4-959A4D30492D}"
EndProject
Project("{8BC9CEB8-8B4A-11D0-8D11-00A0C91BC942}") = "lwar Server", "Server\Server.vcxproj", "{8243791D-FE6E-40BF-A303-D981AE9968C2}"
	ProjectSection(ProjectDependencies) = postProject
		{1F608B12-403C-4639-947A-B559E8EF121C} = {1F608B12-403C-4639-947A-B559E8EF121C}
	EndProjectSection
EndProject
Project("{2150E333-8FDC-42A3-9474-1A3956D46DE8}") = "Documentation", "Documentation", "{C4621122-D07F-4FD1-A423-0283770B2A69}"
	ProjectSection(SolutionItems) = preProject
		..\Documentation\gameplay.txt = ..\Documentation\gameplay.txt
		..\Documentation\network.txt = ..\Documentation\network.txt
		..\Documentation\todo.txt = ..\Documentation\todo.txt
	EndProjectSection
EndProject
Project("{FAE04EC0-301F-11D3-BF4B-00C04F79EFBC}") = "lwar Assets", "Assets\Lwar Assets\lwar Assets.csproj", "{1F608B12-403C-4639-947A-B559E8EF121C}"
	ProjectSection(ProjectDependencies) = postProject
		{3FAF28EF-649E-4BFB-9912-41EA68F4C0D7} = {3FAF28EF-649E-4BFB-9912-41EA68F4C0D7}
	EndProjectSection
EndProject
Project("{FAE04EC0-301F-11D3-BF4B-00C04F79EFBC}") = "Assets Compiler", "Assets\Assets Compiler\Assets Compiler.csproj", "{3FAF28EF-649E-4BFB-9912-41EA68F4C0D7}"
EndProject
Project("{FAE04EC0-301F-11D3-BF4B-00C04F79EFBC}") = "Tests", "Other\Tests\Tests.csproj", "{4F8CF071-FFAA-49BB-B792-289C6EBD8E28}"
	ProjectSection(ProjectDependencies) = postProject
		{E008FA73-A930-40B5-93A4-959A4D30492D} = {E008FA73-A930-40B5-93A4-959A4D30492D}
	EndProjectSection
EndProject
Project("{FAE04EC0-301F-11D3-BF4B-00C04F79EFBC}") = "Pegasus Assets", "Assets\Pegasus Assets\Pegasus Assets.csproj", "{8FACAC14-48D0-45B8-BB39-F926835C850E}"
EndProject
Project("{FAE04EC0-301F-11D3-BF4B-00C04F79EFBC}") = "lwar UI", "User Interface\lwar UI\lwar UI.csproj", "{1785E559-5B80-4EB1-956F-415B210A6B45}"
	ProjectSection(ProjectDependencies) = postProject
		{032C4229-B3A4-417F-8ED3-B2470E371F2D} = {032C4229-B3A4-417F-8ED3-B2470E371F2D}
		{3FAF28EF-649E-4BFB-9912-41EA68F4C0D7} = {3FAF28EF-649E-4BFB-9912-41EA68F4C0D7}
	EndProjectSection
EndProject
Project("{FAE04EC0-301F-11D3-BF4B-00C04F79EFBC}") = "Pegasus UI", "User Interface\Pegasus UI\Pegasus UI.csproj", "{032C4229-B3A4-417F-8ED3-B2470E371F2D}"
	ProjectSection(ProjectDependencies) = postProject
		{3FAF28EF-649E-4BFB-9912-41EA68F4C0D7} = {3FAF28EF-649E-4BFB-9912-41EA68F4C0D7}
	EndProjectSection
EndProject
Project("{2150E333-8FDC-42A3-9474-1A3956D46DE8}") = "Other", "Other", "{D826BBBC-720E-4A28-BB06-8244F58FFDEA}"
EndProject
Project("{2150E333-8FDC-42A3-9474-1A3956D46DE8}") = "User Interface", "User Interface", "{2888CBDE-4111-4F27-BECF-3C67562FBABC}"
EndProject
Project("{2150E333-8FDC-42A3-9474-1A3956D46DE8}") = "Assets", "Assets", "{6B72745B-9614-4132-81A3-50E42D7E8F61}"
EndProject
Project("{FAE04EC0-301F-11D3-BF4B-00C04F79EFBC}") = "Desktop Launcher", "Other\Desktop Launcher\Desktop Launcher.csproj", "{5ECB6AC4-D100-4327-BAC7-C2F6C3A7BFFF}"
EndProject
Project("{FAE04EC0-301F-11D3-BF4B-00C04F79EFBC}") = "WinRT Launcher", "Other\WinRT Launcher\WinRT Launcher.csproj", "{27821CA2-5536-4B05-8B3B-041AB47FCF53}"
EndProject
Global
	GlobalSection(SolutionConfigurationPlatforms) = preSolution
		Debug Direct3D11|ARM = Debug Direct3D11|ARM
		Debug Direct3D11|x64 = Debug Direct3D11|x64
		Debug Direct3D11|x86 = Debug Direct3D11|x86
		Debug OpenGL3|ARM = Debug OpenGL3|ARM
		Debug OpenGL3|x64 = Debug OpenGL3|x64
		Debug OpenGL3|x86 = Debug OpenGL3|x86
		Debug WinRT|ARM = Debug WinRT|ARM
		Debug WinRT|x64 = Debug WinRT|x64
		Debug WinRT|x86 = Debug WinRT|x86
		Release Direct3D11|ARM = Release Direct3D11|ARM
		Release Direct3D11|x64 = Release Direct3D11|x64
		Release Direct3D11|x86 = Release Direct3D11|x86
		Release OpenGL3|ARM = Release OpenGL3|ARM
		Release OpenGL3|x64 = Release OpenGL3|x64
		Release OpenGL3|x86 = Release OpenGL3|x86
		Release WinRT|ARM = Release WinRT|ARM
		Release WinRT|x64 = Release WinRT|x64
		Release WinRT|x86 = Release WinRT|x86
	EndGlobalSection
	GlobalSection(ProjectConfigurationPlatforms) = postSolution
		{288C9D6B-72B8-4EFF-B636-E8886657AF1A}.Debug Direct3D11|ARM.ActiveCfg = Debug Direct3D11|x86
		{288C9D6B-72B8-4EFF-B636-E8886657AF1A}.Debug Direct3D11|x64.ActiveCfg = Debug Direct3D11|x64
		{288C9D6B-72B8-4EFF-B636-E8886657AF1A}.Debug Direct3D11|x64.Build.0 = Debug Direct3D11|x64
		{288C9D6B-72B8-4EFF-B636-E8886657AF1A}.Debug Direct3D11|x86.ActiveCfg = Debug Direct3D11|x86
		{288C9D6B-72B8-4EFF-B636-E8886657AF1A}.Debug Direct3D11|x86.Build.0 = Debug Direct3D11|x86
		{288C9D6B-72B8-4EFF-B636-E8886657AF1A}.Debug OpenGL3|ARM.ActiveCfg = Debug OpenGL3|x86
		{288C9D6B-72B8-4EFF-B636-E8886657AF1A}.Debug OpenGL3|x64.ActiveCfg = Debug OpenGL3|x64
		{288C9D6B-72B8-4EFF-B636-E8886657AF1A}.Debug OpenGL3|x64.Build.0 = Debug OpenGL3|x64
		{288C9D6B-72B8-4EFF-B636-E8886657AF1A}.Debug OpenGL3|x86.ActiveCfg = Debug OpenGL3|x86
		{288C9D6B-72B8-4EFF-B636-E8886657AF1A}.Debug OpenGL3|x86.Build.0 = Debug OpenGL3|x86
		{288C9D6B-72B8-4EFF-B636-E8886657AF1A}.Debug WinRT|ARM.ActiveCfg = Debug Linux|x86
		{288C9D6B-72B8-4EFF-B636-E8886657AF1A}.Debug WinRT|x64.ActiveCfg = Debug Direct3D11|x64
		{288C9D6B-72B8-4EFF-B636-E8886657AF1A}.Debug WinRT|x64.Build.0 = Debug Direct3D11|x64
		{288C9D6B-72B8-4EFF-B636-E8886657AF1A}.Debug WinRT|x86.ActiveCfg = Debug Direct3D11|x86
		{288C9D6B-72B8-4EFF-B636-E8886657AF1A}.Debug WinRT|x86.Build.0 = Debug Direct3D11|x86
		{288C9D6B-72B8-4EFF-B636-E8886657AF1A}.Release Direct3D11|ARM.ActiveCfg = Release Direct3D11|x86
		{288C9D6B-72B8-4EFF-B636-E8886657AF1A}.Release Direct3D11|x64.ActiveCfg = Release Direct3D11|x64
		{288C9D6B-72B8-4EFF-B636-E8886657AF1A}.Release Direct3D11|x64.Build.0 = Release Direct3D11|x64
		{288C9D6B-72B8-4EFF-B636-E8886657AF1A}.Release Direct3D11|x86.ActiveCfg = Release Direct3D11|x86
		{288C9D6B-72B8-4EFF-B636-E8886657AF1A}.Release Direct3D11|x86.Build.0 = Release Direct3D11|x86
		{288C9D6B-72B8-4EFF-B636-E8886657AF1A}.Release OpenGL3|ARM.ActiveCfg = Release OpenGL3|x86
		{288C9D6B-72B8-4EFF-B636-E8886657AF1A}.Release OpenGL3|x64.ActiveCfg = Release OpenGL3|x64
		{288C9D6B-72B8-4EFF-B636-E8886657AF1A}.Release OpenGL3|x64.Build.0 = Release OpenGL3|x64
		{288C9D6B-72B8-4EFF-B636-E8886657AF1A}.Release OpenGL3|x86.ActiveCfg = Release OpenGL3|x86
		{288C9D6B-72B8-4EFF-B636-E8886657AF1A}.Release OpenGL3|x86.Build.0 = Release OpenGL3|x86
		{288C9D6B-72B8-4EFF-B636-E8886657AF1A}.Release WinRT|ARM.ActiveCfg = Release Linux|x86
		{288C9D6B-72B8-4EFF-B636-E8886657AF1A}.Release WinRT|x64.ActiveCfg = Release Direct3D11|x64
		{288C9D6B-72B8-4EFF-B636-E8886657AF1A}.Release WinRT|x64.Build.0 = Release Direct3D11|x64
		{288C9D6B-72B8-4EFF-B636-E8886657AF1A}.Release WinRT|x86.ActiveCfg = Release Direct3D11|x86
		{288C9D6B-72B8-4EFF-B636-E8886657AF1A}.Release WinRT|x86.Build.0 = Release Direct3D11|x86
		{C8A6F23B-0B3D-4910-8512-BEDE93D1F604}.Debug Direct3D11|ARM.ActiveCfg = Debug Direct3D11|x86
		{C8A6F23B-0B3D-4910-8512-BEDE93D1F604}.Debug Direct3D11|x64.ActiveCfg = Debug Direct3D11|x64
		{C8A6F23B-0B3D-4910-8512-BEDE93D1F604}.Debug Direct3D11|x64.Build.0 = Debug Direct3D11|x64
		{C8A6F23B-0B3D-4910-8512-BEDE93D1F604}.Debug Direct3D11|x86.ActiveCfg = Debug Direct3D11|x86
		{C8A6F23B-0B3D-4910-8512-BEDE93D1F604}.Debug Direct3D11|x86.Build.0 = Debug Direct3D11|x86
		{C8A6F23B-0B3D-4910-8512-BEDE93D1F604}.Debug OpenGL3|ARM.ActiveCfg = Debug OpenGL3|x86
		{C8A6F23B-0B3D-4910-8512-BEDE93D1F604}.Debug OpenGL3|x64.ActiveCfg = Debug OpenGL3|x64
		{C8A6F23B-0B3D-4910-8512-BEDE93D1F604}.Debug OpenGL3|x64.Build.0 = Debug OpenGL3|x64
		{C8A6F23B-0B3D-4910-8512-BEDE93D1F604}.Debug OpenGL3|x86.ActiveCfg = Debug OpenGL3|x86
		{C8A6F23B-0B3D-4910-8512-BEDE93D1F604}.Debug OpenGL3|x86.Build.0 = Debug OpenGL3|x86
		{C8A6F23B-0B3D-4910-8512-BEDE93D1F604}.Debug WinRT|ARM.ActiveCfg = Debug Linux|x86
		{C8A6F23B-0B3D-4910-8512-BEDE93D1F604}.Debug WinRT|x64.ActiveCfg = Debug Direct3D11|x64
		{C8A6F23B-0B3D-4910-8512-BEDE93D1F604}.Debug WinRT|x64.Build.0 = Debug Direct3D11|x64
		{C8A6F23B-0B3D-4910-8512-BEDE93D1F604}.Debug WinRT|x86.ActiveCfg = Debug Direct3D11|x86
		{C8A6F23B-0B3D-4910-8512-BEDE93D1F604}.Debug WinRT|x86.Build.0 = Debug Direct3D11|x86
		{C8A6F23B-0B3D-4910-8512-BEDE93D1F604}.Release Direct3D11|ARM.ActiveCfg = Release Direct3D11|x86
		{C8A6F23B-0B3D-4910-8512-BEDE93D1F604}.Release Direct3D11|x64.ActiveCfg = Release Direct3D11|x64
		{C8A6F23B-0B3D-4910-8512-BEDE93D1F604}.Release Direct3D11|x64.Build.0 = Release Direct3D11|x64
		{C8A6F23B-0B3D-4910-8512-BEDE93D1F604}.Release Direct3D11|x86.ActiveCfg = Release Direct3D11|x86
		{C8A6F23B-0B3D-4910-8512-BEDE93D1F604}.Release Direct3D11|x86.Build.0 = Release Direct3D11|x86
		{C8A6F23B-0B3D-4910-8512-BEDE93D1F604}.Release OpenGL3|ARM.ActiveCfg = Release OpenGL3|x86
		{C8A6F23B-0B3D-4910-8512-BEDE93D1F604}.Release OpenGL3|x64.ActiveCfg = Release OpenGL3|x64
		{C8A6F23B-0B3D-4910-8512-BEDE93D1F604}.Release OpenGL3|x64.Build.0 = Release OpenGL3|x64
		{C8A6F23B-0B3D-4910-8512-BEDE93D1F604}.Release OpenGL3|x86.ActiveCfg = Release OpenGL3|x86
		{C8A6F23B-0B3D-4910-8512-BEDE93D1F604}.Release OpenGL3|x86.Build.0 = Release OpenGL3|x86
		{C8A6F23B-0B3D-4910-8512-BEDE93D1F604}.Release WinRT|ARM.ActiveCfg = Release Linux|x86
		{C8A6F23B-0B3D-4910-8512-BEDE93D1F604}.Release WinRT|x64.ActiveCfg = Release Direct3D11|x64
		{C8A6F23B-0B3D-4910-8512-BEDE93D1F604}.Release WinRT|x64.Build.0 = Release Direct3D11|x64
		{C8A6F23B-0B3D-4910-8512-BEDE93D1F604}.Release WinRT|x86.ActiveCfg = Release Direct3D11|x86
		{C8A6F23B-0B3D-4910-8512-BEDE93D1F604}.Release WinRT|x86.Build.0 = Release Direct3D11|x86
		{E008FA73-A930-40B5-93A4-959A4D30492D}.Debug Direct3D11|ARM.ActiveCfg = Debug Direct3D11|Win32
		{E008FA73-A930-40B5-93A4-959A4D30492D}.Debug Direct3D11|x64.ActiveCfg = Debug Direct3D11|x64
		{E008FA73-A930-40B5-93A4-959A4D30492D}.Debug Direct3D11|x64.Build.0 = Debug Direct3D11|x64
		{E008FA73-A930-40B5-93A4-959A4D30492D}.Debug Direct3D11|x86.ActiveCfg = Debug Direct3D11|Win32
		{E008FA73-A930-40B5-93A4-959A4D30492D}.Debug Direct3D11|x86.Build.0 = Debug Direct3D11|Win32
		{E008FA73-A930-40B5-93A4-959A4D30492D}.Debug OpenGL3|ARM.ActiveCfg = Debug OpenGL3|Win32
		{E008FA73-A930-40B5-93A4-959A4D30492D}.Debug OpenGL3|x64.ActiveCfg = Debug OpenGL3|x64
		{E008FA73-A930-40B5-93A4-959A4D30492D}.Debug OpenGL3|x64.Build.0 = Debug OpenGL3|x64
		{E008FA73-A930-40B5-93A4-959A4D30492D}.Debug OpenGL3|x86.ActiveCfg = Debug OpenGL3|Win32
		{E008FA73-A930-40B5-93A4-959A4D30492D}.Debug OpenGL3|x86.Build.0 = Debug OpenGL3|Win32
		{E008FA73-A930-40B5-93A4-959A4D30492D}.Debug WinRT|ARM.ActiveCfg = Debug OpenGL3|Win32
		{E008FA73-A930-40B5-93A4-959A4D30492D}.Debug WinRT|x64.ActiveCfg = Debug Direct3D11|x64
		{E008FA73-A930-40B5-93A4-959A4D30492D}.Debug WinRT|x64.Build.0 = Debug Direct3D11|x64
		{E008FA73-A930-40B5-93A4-959A4D30492D}.Debug WinRT|x86.ActiveCfg = Debug Direct3D11|Win32
		{E008FA73-A930-40B5-93A4-959A4D30492D}.Debug WinRT|x86.Build.0 = Debug Direct3D11|Win32
		{E008FA73-A930-40B5-93A4-959A4D30492D}.Release Direct3D11|ARM.ActiveCfg = Release Direct3D11|Win32
		{E008FA73-A930-40B5-93A4-959A4D30492D}.Release Direct3D11|x64.ActiveCfg = Release Direct3D11|x64
		{E008FA73-A930-40B5-93A4-959A4D30492D}.Release Direct3D11|x64.Build.0 = Release Direct3D11|x64
		{E008FA73-A930-40B5-93A4-959A4D30492D}.Release Direct3D11|x86.ActiveCfg = Release Direct3D11|Win32
		{E008FA73-A930-40B5-93A4-959A4D30492D}.Release Direct3D11|x86.Build.0 = Release Direct3D11|Win32
		{E008FA73-A930-40B5-93A4-959A4D30492D}.Release OpenGL3|ARM.ActiveCfg = Release OpenGL3|Win32
		{E008FA73-A930-40B5-93A4-959A4D30492D}.Release OpenGL3|x64.ActiveCfg = Release OpenGL3|x64
		{E008FA73-A930-40B5-93A4-959A4D30492D}.Release OpenGL3|x64.Build.0 = Release OpenGL3|x64
		{E008FA73-A930-40B5-93A4-959A4D30492D}.Release OpenGL3|x86.ActiveCfg = Release OpenGL3|Win32
		{E008FA73-A930-40B5-93A4-959A4D30492D}.Release OpenGL3|x86.Build.0 = Release OpenGL3|Win32
		{E008FA73-A930-40B5-93A4-959A4D30492D}.Release WinRT|ARM.ActiveCfg = Release OpenGL3|Win32
		{E008FA73-A930-40B5-93A4-959A4D30492D}.Release WinRT|x64.ActiveCfg = Release Direct3D11|x64
		{E008FA73-A930-40B5-93A4-959A4D30492D}.Release WinRT|x64.Build.0 = Release Direct3D11|x64
		{E008FA73-A930-40B5-93A4-959A4D30492D}.Release WinRT|x86.ActiveCfg = Release Direct3D11|Win32
		{E008FA73-A930-40B5-93A4-959A4D30492D}.Release WinRT|x86.Build.0 = Release Direct3D11|Win32
		{8243791D-FE6E-40BF-A303-D981AE9968C2}.Debug Direct3D11|ARM.ActiveCfg = Debug Direct3D11|Win32
		{8243791D-FE6E-40BF-A303-D981AE9968C2}.Debug Direct3D11|x64.ActiveCfg = Debug Direct3D11|x64
		{8243791D-FE6E-40BF-A303-D981AE9968C2}.Debug Direct3D11|x64.Build.0 = Debug Direct3D11|x64
		{8243791D-FE6E-40BF-A303-D981AE9968C2}.Debug Direct3D11|x86.ActiveCfg = Debug Direct3D11|Win32
		{8243791D-FE6E-40BF-A303-D981AE9968C2}.Debug Direct3D11|x86.Build.0 = Debug Direct3D11|Win32
		{8243791D-FE6E-40BF-A303-D981AE9968C2}.Debug OpenGL3|ARM.ActiveCfg = Debug OpenGL3|Win32
		{8243791D-FE6E-40BF-A303-D981AE9968C2}.Debug OpenGL3|x64.ActiveCfg = Debug OpenGL3|x64
		{8243791D-FE6E-40BF-A303-D981AE9968C2}.Debug OpenGL3|x64.Build.0 = Debug OpenGL3|x64
		{8243791D-FE6E-40BF-A303-D981AE9968C2}.Debug OpenGL3|x86.ActiveCfg = Debug OpenGL3|Win32
		{8243791D-FE6E-40BF-A303-D981AE9968C2}.Debug OpenGL3|x86.Build.0 = Debug OpenGL3|Win32
		{8243791D-FE6E-40BF-A303-D981AE9968C2}.Debug WinRT|ARM.ActiveCfg = Debug OpenGL3|Win32
		{8243791D-FE6E-40BF-A303-D981AE9968C2}.Debug WinRT|x64.ActiveCfg = Debug Direct3D11|x64
		{8243791D-FE6E-40BF-A303-D981AE9968C2}.Debug WinRT|x64.Build.0 = Debug Direct3D11|x64
		{8243791D-FE6E-40BF-A303-D981AE9968C2}.Debug WinRT|x86.ActiveCfg = Debug Direct3D11|Win32
		{8243791D-FE6E-40BF-A303-D981AE9968C2}.Debug WinRT|x86.Build.0 = Debug Direct3D11|Win32
		{8243791D-FE6E-40BF-A303-D981AE9968C2}.Release Direct3D11|ARM.ActiveCfg = Release Direct3D11|Win32
		{8243791D-FE6E-40BF-A303-D981AE9968C2}.Release Direct3D11|x64.ActiveCfg = Release Direct3D11|x64
		{8243791D-FE6E-40BF-A303-D981AE9968C2}.Release Direct3D11|x64.Build.0 = Release Direct3D11|x64
		{8243791D-FE6E-40BF-A303-D981AE9968C2}.Release Direct3D11|x86.ActiveCfg = Release Direct3D11|Win32
		{8243791D-FE6E-40BF-A303-D981AE9968C2}.Release Direct3D11|x86.Build.0 = Release Direct3D11|Win32
		{8243791D-FE6E-40BF-A303-D981AE9968C2}.Release OpenGL3|ARM.ActiveCfg = Release OpenGL3|Win32
		{8243791D-FE6E-40BF-A303-D981AE9968C2}.Release OpenGL3|x64.ActiveCfg = Release OpenGL3|x64
		{8243791D-FE6E-40BF-A303-D981AE9968C2}.Release OpenGL3|x64.Build.0 = Release OpenGL3|x64
		{8243791D-FE6E-40BF-A303-D981AE9968C2}.Release OpenGL3|x86.ActiveCfg = Release OpenGL3|Win32
		{8243791D-FE6E-40BF-A303-D981AE9968C2}.Release OpenGL3|x86.Build.0 = Release OpenGL3|Win32
		{8243791D-FE6E-40BF-A303-D981AE9968C2}.Release WinRT|ARM.ActiveCfg = Release OpenGL3|Win32
		{8243791D-FE6E-40BF-A303-D981AE9968C2}.Release WinRT|x64.ActiveCfg = Release Direct3D11|x64
		{8243791D-FE6E-40BF-A303-D981AE9968C2}.Release WinRT|x64.Build.0 = Release Direct3D11|x64
		{8243791D-FE6E-40BF-A303-D981AE9968C2}.Release WinRT|x86.ActiveCfg = Release Direct3D11|Win32
		{8243791D-FE6E-40BF-A303-D981AE9968C2}.Release WinRT|x86.Build.0 = Release Direct3D11|Win32
		{1F608B12-403C-4639-947A-B559E8EF121C}.Debug Direct3D11|ARM.ActiveCfg = Debug Direct3D11|x86
		{1F608B12-403C-4639-947A-B559E8EF121C}.Debug Direct3D11|x64.ActiveCfg = Debug Direct3D11|x64
		{1F608B12-403C-4639-947A-B559E8EF121C}.Debug Direct3D11|x64.Build.0 = Debug Direct3D11|x64
		{1F608B12-403C-4639-947A-B559E8EF121C}.Debug Direct3D11|x86.ActiveCfg = Debug Direct3D11|x86
		{1F608B12-403C-4639-947A-B559E8EF121C}.Debug Direct3D11|x86.Build.0 = Debug Direct3D11|x86
		{1F608B12-403C-4639-947A-B559E8EF121C}.Debug OpenGL3|ARM.ActiveCfg = Debug OpenGL3|x86
		{1F608B12-403C-4639-947A-B559E8EF121C}.Debug OpenGL3|x64.ActiveCfg = Debug OpenGL3|x64
		{1F608B12-403C-4639-947A-B559E8EF121C}.Debug OpenGL3|x64.Build.0 = Debug OpenGL3|x64
		{1F608B12-403C-4639-947A-B559E8EF121C}.Debug OpenGL3|x86.ActiveCfg = Debug OpenGL3|x86
		{1F608B12-403C-4639-947A-B559E8EF121C}.Debug OpenGL3|x86.Build.0 = Debug OpenGL3|x86
		{1F608B12-403C-4639-947A-B559E8EF121C}.Debug WinRT|ARM.ActiveCfg = Debug Linux|x86
		{1F608B12-403C-4639-947A-B559E8EF121C}.Debug WinRT|x64.ActiveCfg = Debug Direct3D11|x64
		{1F608B12-403C-4639-947A-B559E8EF121C}.Debug WinRT|x64.Build.0 = Debug Direct3D11|x64
		{1F608B12-403C-4639-947A-B559E8EF121C}.Debug WinRT|x86.ActiveCfg = Debug Direct3D11|x86
		{1F608B12-403C-4639-947A-B559E8EF121C}.Debug WinRT|x86.Build.0 = Debug Direct3D11|x86
		{1F608B12-403C-4639-947A-B559E8EF121C}.Release Direct3D11|ARM.ActiveCfg = Release Direct3D11|x86
		{1F608B12-403C-4639-947A-B559E8EF121C}.Release Direct3D11|x64.ActiveCfg = Release Direct3D11|x64
		{1F608B12-403C-4639-947A-B559E8EF121C}.Release Direct3D11|x64.Build.0 = Release Direct3D11|x64
		{1F608B12-403C-4639-947A-B559E8EF121C}.Release Direct3D11|x86.ActiveCfg = Release Direct3D11|x86
		{1F608B12-403C-4639-947A-B559E8EF121C}.Release Direct3D11|x86.Build.0 = Release Direct3D11|x86
		{1F608B12-403C-4639-947A-B559E8EF121C}.Release OpenGL3|ARM.ActiveCfg = Release OpenGL3|x86
		{1F608B12-403C-4639-947A-B559E8EF121C}.Release OpenGL3|x64.ActiveCfg = Release OpenGL3|x64
		{1F608B12-403C-4639-947A-B559E8EF121C}.Release OpenGL3|x64.Build.0 = Release OpenGL3|x64
		{1F608B12-403C-4639-947A-B559E8EF121C}.Release OpenGL3|x86.ActiveCfg = Release OpenGL3|x86
		{1F608B12-403C-4639-947A-B559E8EF121C}.Release OpenGL3|x86.Build.0 = Release OpenGL3|x86
		{1F608B12-403C-4639-947A-B559E8EF121C}.Release WinRT|ARM.ActiveCfg = Release Linux|x86
		{1F608B12-403C-4639-947A-B559E8EF121C}.Release WinRT|x64.ActiveCfg = Release Direct3D11|x64
		{1F608B12-403C-4639-947A-B559E8EF121C}.Release WinRT|x64.Build.0 = Release Direct3D11|x64
		{1F608B12-403C-4639-947A-B559E8EF121C}.Release WinRT|x86.ActiveCfg = Release Direct3D11|x86
		{1F608B12-403C-4639-947A-B559E8EF121C}.Release WinRT|x86.Build.0 = Release Direct3D11|x86
		{3FAF28EF-649E-4BFB-9912-41EA68F4C0D7}.Debug Direct3D11|ARM.ActiveCfg = Debug Direct3D11|x86
		{3FAF28EF-649E-4BFB-9912-41EA68F4C0D7}.Debug Direct3D11|x64.ActiveCfg = Debug Direct3D11|x64
		{3FAF28EF-649E-4BFB-9912-41EA68F4C0D7}.Debug Direct3D11|x64.Build.0 = Debug Direct3D11|x64
		{3FAF28EF-649E-4BFB-9912-41EA68F4C0D7}.Debug Direct3D11|x86.ActiveCfg = Debug Direct3D11|x86
		{3FAF28EF-649E-4BFB-9912-41EA68F4C0D7}.Debug Direct3D11|x86.Build.0 = Debug Direct3D11|x86
		{3FAF28EF-649E-4BFB-9912-41EA68F4C0D7}.Debug OpenGL3|ARM.ActiveCfg = Debug OpenGL3|x86
		{3FAF28EF-649E-4BFB-9912-41EA68F4C0D7}.Debug OpenGL3|x64.ActiveCfg = Debug OpenGL3|x64
		{3FAF28EF-649E-4BFB-9912-41EA68F4C0D7}.Debug OpenGL3|x64.Build.0 = Debug OpenGL3|x64
		{3FAF28EF-649E-4BFB-9912-41EA68F4C0D7}.Debug OpenGL3|x86.ActiveCfg = Debug OpenGL3|x86
		{3FAF28EF-649E-4BFB-9912-41EA68F4C0D7}.Debug OpenGL3|x86.Build.0 = Debug OpenGL3|x86
		{3FAF28EF-649E-4BFB-9912-41EA68F4C0D7}.Debug WinRT|ARM.ActiveCfg = Debug Linux|x86
		{3FAF28EF-649E-4BFB-9912-41EA68F4C0D7}.Debug WinRT|x64.ActiveCfg = Debug Direct3D11|x64
		{3FAF28EF-649E-4BFB-9912-41EA68F4C0D7}.Debug WinRT|x64.Build.0 = Debug Direct3D11|x64
		{3FAF28EF-649E-4BFB-9912-41EA68F4C0D7}.Debug WinRT|x86.ActiveCfg = Debug Direct3D11|x86
		{3FAF28EF-649E-4BFB-9912-41EA68F4C0D7}.Debug WinRT|x86.Build.0 = Debug Direct3D11|x86
		{3FAF28EF-649E-4BFB-9912-41EA68F4C0D7}.Release Direct3D11|ARM.ActiveCfg = Release Direct3D11|x86
		{3FAF28EF-649E-4BFB-9912-41EA68F4C0D7}.Release Direct3D11|x64.ActiveCfg = Release Direct3D11|x64
		{3FAF28EF-649E-4BFB-9912-41EA68F4C0D7}.Release Direct3D11|x64.Build.0 = Release Direct3D11|x64
		{3FAF28EF-649E-4BFB-9912-41EA68F4C0D7}.Release Direct3D11|x86.ActiveCfg = Release Direct3D11|x86
		{3FAF28EF-649E-4BFB-9912-41EA68F4C0D7}.Release Direct3D11|x86.Build.0 = Release Direct3D11|x86
		{3FAF28EF-649E-4BFB-9912-41EA68F4C0D7}.Release OpenGL3|ARM.ActiveCfg = Release OpenGL3|x86
		{3FAF28EF-649E-4BFB-9912-41EA68F4C0D7}.Release OpenGL3|x64.ActiveCfg = Release OpenGL3|x64
		{3FAF28EF-649E-4BFB-9912-41EA68F4C0D7}.Release OpenGL3|x64.Build.0 = Release OpenGL3|x64
		{3FAF28EF-649E-4BFB-9912-41EA68F4C0D7}.Release OpenGL3|x86.ActiveCfg = Release OpenGL3|x86
		{3FAF28EF-649E-4BFB-9912-41EA68F4C0D7}.Release OpenGL3|x86.Build.0 = Release OpenGL3|x86
		{3FAF28EF-649E-4BFB-9912-41EA68F4C0D7}.Release WinRT|ARM.ActiveCfg = Release Linux|x86
		{3FAF28EF-649E-4BFB-9912-41EA68F4C0D7}.Release WinRT|x64.ActiveCfg = Release Direct3D11|x64
		{3FAF28EF-649E-4BFB-9912-41EA68F4C0D7}.Release WinRT|x64.Build.0 = Release Direct3D11|x64
		{3FAF28EF-649E-4BFB-9912-41EA68F4C0D7}.Release WinRT|x86.ActiveCfg = Release Direct3D11|x86
		{3FAF28EF-649E-4BFB-9912-41EA68F4C0D7}.Release WinRT|x86.Build.0 = Release Direct3D11|x86
		{4F8CF071-FFAA-49BB-B792-289C6EBD8E28}.Debug Direct3D11|ARM.ActiveCfg = Debug Direct3D11|x86
		{4F8CF071-FFAA-49BB-B792-289C6EBD8E28}.Debug Direct3D11|x64.ActiveCfg = Debug Direct3D11|x64
		{4F8CF071-FFAA-49BB-B792-289C6EBD8E28}.Debug Direct3D11|x64.Build.0 = Debug Direct3D11|x64
		{4F8CF071-FFAA-49BB-B792-289C6EBD8E28}.Debug Direct3D11|x86.ActiveCfg = Debug Direct3D11|x86
		{4F8CF071-FFAA-49BB-B792-289C6EBD8E28}.Debug Direct3D11|x86.Build.0 = Debug Direct3D11|x86
		{4F8CF071-FFAA-49BB-B792-289C6EBD8E28}.Debug OpenGL3|ARM.ActiveCfg = Debug OpenGL3|x86
		{4F8CF071-FFAA-49BB-B792-289C6EBD8E28}.Debug OpenGL3|x64.ActiveCfg = Debug OpenGL3|x64
		{4F8CF071-FFAA-49BB-B792-289C6EBD8E28}.Debug OpenGL3|x64.Build.0 = Debug OpenGL3|x64
		{4F8CF071-FFAA-49BB-B792-289C6EBD8E28}.Debug OpenGL3|x86.ActiveCfg = Debug OpenGL3|x86
		{4F8CF071-FFAA-49BB-B792-289C6EBD8E28}.Debug OpenGL3|x86.Build.0 = Debug OpenGL3|x86
		{4F8CF071-FFAA-49BB-B792-289C6EBD8E28}.Debug WinRT|ARM.ActiveCfg = Debug OpenGL3|x86
		{4F8CF071-FFAA-49BB-B792-289C6EBD8E28}.Debug WinRT|x64.ActiveCfg = Debug Direct3D11|x64
		{4F8CF071-FFAA-49BB-B792-289C6EBD8E28}.Debug WinRT|x64.Build.0 = Debug Direct3D11|x64
		{4F8CF071-FFAA-49BB-B792-289C6EBD8E28}.Debug WinRT|x86.ActiveCfg = Debug Direct3D11|x86
		{4F8CF071-FFAA-49BB-B792-289C6EBD8E28}.Debug WinRT|x86.Build.0 = Debug Direct3D11|x86
		{4F8CF071-FFAA-49BB-B792-289C6EBD8E28}.Release Direct3D11|ARM.ActiveCfg = Release Direct3D11|x86
		{4F8CF071-FFAA-49BB-B792-289C6EBD8E28}.Release Direct3D11|x64.ActiveCfg = Release Direct3D11|x64
		{4F8CF071-FFAA-49BB-B792-289C6EBD8E28}.Release Direct3D11|x64.Build.0 = Release Direct3D11|x64
		{4F8CF071-FFAA-49BB-B792-289C6EBD8E28}.Release Direct3D11|x86.ActiveCfg = Release Direct3D11|x86
		{4F8CF071-FFAA-49BB-B792-289C6EBD8E28}.Release Direct3D11|x86.Build.0 = Release Direct3D11|x86
		{4F8CF071-FFAA-49BB-B792-289C6EBD8E28}.Release OpenGL3|ARM.ActiveCfg = Release OpenGL3|x86
		{4F8CF071-FFAA-49BB-B792-289C6EBD8E28}.Release OpenGL3|x64.ActiveCfg = Release OpenGL3|x64
		{4F8CF071-FFAA-49BB-B792-289C6EBD8E28}.Release OpenGL3|x64.Build.0 = Release OpenGL3|x64
		{4F8CF071-FFAA-49BB-B792-289C6EBD8E28}.Release OpenGL3|x86.ActiveCfg = Release OpenGL3|x86
		{4F8CF071-FFAA-49BB-B792-289C6EBD8E28}.Release OpenGL3|x86.Build.0 = Release OpenGL3|x86
		{4F8CF071-FFAA-49BB-B792-289C6EBD8E28}.Release WinRT|ARM.ActiveCfg = Release OpenGL3|x86
		{4F8CF071-FFAA-49BB-B792-289C6EBD8E28}.Release WinRT|x64.ActiveCfg = Release Direct3D11|x64
		{4F8CF071-FFAA-49BB-B792-289C6EBD8E28}.Release WinRT|x64.Build.0 = Release Direct3D11|x64
		{4F8CF071-FFAA-49BB-B792-289C6EBD8E28}.Release WinRT|x86.ActiveCfg = Release Direct3D11|x86
		{4F8CF071-FFAA-49BB-B792-289C6EBD8E28}.Release WinRT|x86.Build.0 = Release Direct3D11|x86
		{8FACAC14-48D0-45B8-BB39-F926835C850E}.Debug Direct3D11|ARM.ActiveCfg = Debug Direct3D11|x86
		{8FACAC14-48D0-45B8-BB39-F926835C850E}.Debug Direct3D11|x64.ActiveCfg = Debug Direct3D11|x64
		{8FACAC14-48D0-45B8-BB39-F926835C850E}.Debug Direct3D11|x64.Build.0 = Debug Direct3D11|x64
		{8FACAC14-48D0-45B8-BB39-F926835C850E}.Debug Direct3D11|x86.ActiveCfg = Debug Direct3D11|x86
		{8FACAC14-48D0-45B8-BB39-F926835C850E}.Debug Direct3D11|x86.Build.0 = Debug Direct3D11|x86
		{8FACAC14-48D0-45B8-BB39-F926835C850E}.Debug OpenGL3|ARM.ActiveCfg = Debug OpenGL3|x86
		{8FACAC14-48D0-45B8-BB39-F926835C850E}.Debug OpenGL3|x64.ActiveCfg = Debug OpenGL3|x64
		{8FACAC14-48D0-45B8-BB39-F926835C850E}.Debug OpenGL3|x64.Build.0 = Debug OpenGL3|x64
		{8FACAC14-48D0-45B8-BB39-F926835C850E}.Debug OpenGL3|x86.ActiveCfg = Debug OpenGL3|x86
		{8FACAC14-48D0-45B8-BB39-F926835C850E}.Debug OpenGL3|x86.Build.0 = Debug OpenGL3|x86
		{8FACAC14-48D0-45B8-BB39-F926835C850E}.Debug WinRT|ARM.ActiveCfg = Debug Linux|x86
		{8FACAC14-48D0-45B8-BB39-F926835C850E}.Debug WinRT|x64.ActiveCfg = Debug Direct3D11|x64
		{8FACAC14-48D0-45B8-BB39-F926835C850E}.Debug WinRT|x64.Build.0 = Debug Direct3D11|x64
		{8FACAC14-48D0-45B8-BB39-F926835C850E}.Debug WinRT|x86.ActiveCfg = Debug Direct3D11|x86
		{8FACAC14-48D0-45B8-BB39-F926835C850E}.Debug WinRT|x86.Build.0 = Debug Direct3D11|x86
		{8FACAC14-48D0-45B8-BB39-F926835C850E}.Release Direct3D11|ARM.ActiveCfg = Release Direct3D11|x86
		{8FACAC14-48D0-45B8-BB39-F926835C850E}.Release Direct3D11|x64.ActiveCfg = Release Direct3D11|x64
		{8FACAC14-48D0-45B8-BB39-F926835C850E}.Release Direct3D11|x64.Build.0 = Release Direct3D11|x64
		{8FACAC14-48D0-45B8-BB39-F926835C850E}.Release Direct3D11|x86.ActiveCfg = Release Direct3D11|x86
		{8FACAC14-48D0-45B8-BB39-F926835C850E}.Release Direct3D11|x86.Build.0 = Release Direct3D11|x86
		{8FACAC14-48D0-45B8-BB39-F926835C850E}.Release OpenGL3|ARM.ActiveCfg = Release OpenGL3|x86
		{8FACAC14-48D0-45B8-BB39-F926835C850E}.Release OpenGL3|x64.ActiveCfg = Release OpenGL3|x64
		{8FACAC14-48D0-45B8-BB39-F926835C850E}.Release OpenGL3|x64.Build.0 = Release OpenGL3|x64
		{8FACAC14-48D0-45B8-BB39-F926835C850E}.Release OpenGL3|x86.ActiveCfg = Release OpenGL3|x86
		{8FACAC14-48D0-45B8-BB39-F926835C850E}.Release OpenGL3|x86.Build.0 = Release OpenGL3|x86
		{8FACAC14-48D0-45B8-BB39-F926835C850E}.Release WinRT|ARM.ActiveCfg = Release Linux|x86
		{8FACAC14-48D0-45B8-BB39-F926835C850E}.Release WinRT|x64.ActiveCfg = Release Direct3D11|x64
		{8FACAC14-48D0-45B8-BB39-F926835C850E}.Release WinRT|x64.Build.0 = Release Direct3D11|x64
		{8FACAC14-48D0-45B8-BB39-F926835C850E}.Release WinRT|x86.ActiveCfg = Release Direct3D11|x86
		{8FACAC14-48D0-45B8-BB39-F926835C850E}.Release WinRT|x86.Build.0 = Release Direct3D11|x86
		{1785E559-5B80-4EB1-956F-415B210A6B45}.Debug Direct3D11|ARM.ActiveCfg = Debug Direct3D11|x86
		{1785E559-5B80-4EB1-956F-415B210A6B45}.Debug Direct3D11|x64.ActiveCfg = Debug Direct3D11|x64
		{1785E559-5B80-4EB1-956F-415B210A6B45}.Debug Direct3D11|x64.Build.0 = Debug Direct3D11|x64
		{1785E559-5B80-4EB1-956F-415B210A6B45}.Debug Direct3D11|x86.ActiveCfg = Debug Direct3D11|x86
		{1785E559-5B80-4EB1-956F-415B210A6B45}.Debug Direct3D11|x86.Build.0 = Debug Direct3D11|x86
		{1785E559-5B80-4EB1-956F-415B210A6B45}.Debug OpenGL3|ARM.ActiveCfg = Debug OpenGL3|x86
		{1785E559-5B80-4EB1-956F-415B210A6B45}.Debug OpenGL3|x64.ActiveCfg = Debug OpenGL3|x64
		{1785E559-5B80-4EB1-956F-415B210A6B45}.Debug OpenGL3|x64.Build.0 = Debug OpenGL3|x64
		{1785E559-5B80-4EB1-956F-415B210A6B45}.Debug OpenGL3|x86.ActiveCfg = Debug OpenGL3|x86
		{1785E559-5B80-4EB1-956F-415B210A6B45}.Debug OpenGL3|x86.Build.0 = Debug OpenGL3|x86
		{1785E559-5B80-4EB1-956F-415B210A6B45}.Debug WinRT|ARM.ActiveCfg = Debug OpenGL3|x86
		{1785E559-5B80-4EB1-956F-415B210A6B45}.Debug WinRT|x64.ActiveCfg = Debug Direct3D11|x64
		{1785E559-5B80-4EB1-956F-415B210A6B45}.Debug WinRT|x64.Build.0 = Debug Direct3D11|x64
		{1785E559-5B80-4EB1-956F-415B210A6B45}.Debug WinRT|x86.ActiveCfg = Debug Direct3D11|x86
		{1785E559-5B80-4EB1-956F-415B210A6B45}.Debug WinRT|x86.Build.0 = Debug Direct3D11|x86
		{1785E559-5B80-4EB1-956F-415B210A6B45}.Release Direct3D11|ARM.ActiveCfg = Release Direct3D11|x86
		{1785E559-5B80-4EB1-956F-415B210A6B45}.Release Direct3D11|x64.ActiveCfg = Release Direct3D11|x64
		{1785E559-5B80-4EB1-956F-415B210A6B45}.Release Direct3D11|x64.Build.0 = Release Direct3D11|x64
		{1785E559-5B80-4EB1-956F-415B210A6B45}.Release Direct3D11|x86.ActiveCfg = Release Direct3D11|x86
		{1785E559-5B80-4EB1-956F-415B210A6B45}.Release Direct3D11|x86.Build.0 = Release Direct3D11|x86
		{1785E559-5B80-4EB1-956F-415B210A6B45}.Release OpenGL3|ARM.ActiveCfg = Release OpenGL3|x86
		{1785E559-5B80-4EB1-956F-415B210A6B45}.Release OpenGL3|x64.ActiveCfg = Release OpenGL3|x64
		{1785E559-5B80-4EB1-956F-415B210A6B45}.Release OpenGL3|x64.Build.0 = Release OpenGL3|x64
		{1785E559-5B80-4EB1-956F-415B210A6B45}.Release OpenGL3|x86.ActiveCfg = Release OpenGL3|x86
		{1785E559-5B80-4EB1-956F-415B210A6B45}.Release OpenGL3|x86.Build.0 = Release OpenGL3|x86
		{1785E559-5B80-4EB1-956F-415B210A6B45}.Release WinRT|ARM.ActiveCfg = Release OpenGL3|x86
		{1785E559-5B80-4EB1-956F-415B210A6B45}.Release WinRT|x64.ActiveCfg = Release Direct3D11|x64
		{1785E559-5B80-4EB1-956F-415B210A6B45}.Release WinRT|x64.Build.0 = Release Direct3D11|x64
		{1785E559-5B80-4EB1-956F-415B210A6B45}.Release WinRT|x86.ActiveCfg = Release Direct3D11|x86
		{1785E559-5B80-4EB1-956F-415B210A6B45}.Release WinRT|x86.Build.0 = Release Direct3D11|x86
		{032C4229-B3A4-417F-8ED3-B2470E371F2D}.Debug Direct3D11|ARM.ActiveCfg = Debug Direct3D11|x86
		{032C4229-B3A4-417F-8ED3-B2470E371F2D}.Debug Direct3D11|x64.ActiveCfg = Debug Direct3D11|x64
		{032C4229-B3A4-417F-8ED3-B2470E371F2D}.Debug Direct3D11|x64.Build.0 = Debug Direct3D11|x64
		{032C4229-B3A4-417F-8ED3-B2470E371F2D}.Debug Direct3D11|x86.ActiveCfg = Debug Direct3D11|x86
		{032C4229-B3A4-417F-8ED3-B2470E371F2D}.Debug Direct3D11|x86.Build.0 = Debug Direct3D11|x86
		{032C4229-B3A4-417F-8ED3-B2470E371F2D}.Debug OpenGL3|ARM.ActiveCfg = Debug OpenGL3|x86
		{032C4229-B3A4-417F-8ED3-B2470E371F2D}.Debug OpenGL3|x64.ActiveCfg = Debug OpenGL3|x64
		{032C4229-B3A4-417F-8ED3-B2470E371F2D}.Debug OpenGL3|x64.Build.0 = Debug OpenGL3|x64
		{032C4229-B3A4-417F-8ED3-B2470E371F2D}.Debug OpenGL3|x86.ActiveCfg = Debug OpenGL3|x86
		{032C4229-B3A4-417F-8ED3-B2470E371F2D}.Debug OpenGL3|x86.Build.0 = Debug OpenGL3|x86
		{032C4229-B3A4-417F-8ED3-B2470E371F2D}.Debug WinRT|ARM.ActiveCfg = Debug OpenGL3|x86
		{032C4229-B3A4-417F-8ED3-B2470E371F2D}.Debug WinRT|x64.ActiveCfg = Debug Direct3D11|x64
		{032C4229-B3A4-417F-8ED3-B2470E371F2D}.Debug WinRT|x64.Build.0 = Debug Direct3D11|x64
		{032C4229-B3A4-417F-8ED3-B2470E371F2D}.Debug WinRT|x86.ActiveCfg = Debug Direct3D11|x86
		{032C4229-B3A4-417F-8ED3-B2470E371F2D}.Debug WinRT|x86.Build.0 = Debug Direct3D11|x86
		{032C4229-B3A4-417F-8ED3-B2470E371F2D}.Release Direct3D11|ARM.ActiveCfg = Release Direct3D11|x86
		{032C4229-B3A4-417F-8ED3-B2470E371F2D}.Release Direct3D11|x64.ActiveCfg = Release Direct3D11|x64
		{032C4229-B3A4-417F-8ED3-B2470E371F2D}.Release Direct3D11|x64.Build.0 = Release Direct3D11|x64
		{032C4229-B3A4-417F-8ED3-B2470E371F2D}.Release Direct3D11|x86.ActiveCfg = Release Direct3D11|x86
		{032C4229-B3A4-417F-8ED3-B2470E371F2D}.Release Direct3D11|x86.Build.0 = Release Direct3D11|x86
		{032C4229-B3A4-417F-8ED3-B2470E371F2D}.Release OpenGL3|ARM.ActiveCfg = Release OpenGL3|x86
		{032C4229-B3A4-417F-8ED3-B2470E371F2D}.Release OpenGL3|x64.ActiveCfg = Release OpenGL3|x64
		{032C4229-B3A4-417F-8ED3-B2470E371F2D}.Release OpenGL3|x64.Build.0 = Release OpenGL3|x64
		{032C4229-B3A4-417F-8ED3-B2470E371F2D}.Release OpenGL3|x86.ActiveCfg = Release OpenGL3|x86
		{032C4229-B3A4-417F-8ED3-B2470E371F2D}.Release OpenGL3|x86.Build.0 = Release OpenGL3|x86
		{032C4229-B3A4-417F-8ED3-B2470E371F2D}.Release WinRT|ARM.ActiveCfg = Release OpenGL3|x86
		{032C4229-B3A4-417F-8ED3-B2470E371F2D}.Release WinRT|x64.ActiveCfg = Release Direct3D11|x64
		{032C4229-B3A4-417F-8ED3-B2470E371F2D}.Release WinRT|x64.Build.0 = Release Direct3D11|x64
		{032C4229-B3A4-417F-8ED3-B2470E371F2D}.Release WinRT|x86.ActiveCfg = Release Direct3D11|x86
		{032C4229-B3A4-417F-8ED3-B2470E371F2D}.Release WinRT|x86.Build.0 = Release Direct3D11|x86
		{5ECB6AC4-D100-4327-BAC7-C2F6C3A7BFFF}.Debug Direct3D11|ARM.ActiveCfg = Debug Direct3D11|x86
		{5ECB6AC4-D100-4327-BAC7-C2F6C3A7BFFF}.Debug Direct3D11|x64.ActiveCfg = Debug Direct3D11|x64
		{5ECB6AC4-D100-4327-BAC7-C2F6C3A7BFFF}.Debug Direct3D11|x64.Build.0 = Debug Direct3D11|x64
		{5ECB6AC4-D100-4327-BAC7-C2F6C3A7BFFF}.Debug Direct3D11|x86.ActiveCfg = Debug Direct3D11|x86
		{5ECB6AC4-D100-4327-BAC7-C2F6C3A7BFFF}.Debug Direct3D11|x86.Build.0 = Debug Direct3D11|x86
		{5ECB6AC4-D100-4327-BAC7-C2F6C3A7BFFF}.Debug OpenGL3|ARM.ActiveCfg = Debug OpenGL3|x86
		{5ECB6AC4-D100-4327-BAC7-C2F6C3A7BFFF}.Debug OpenGL3|x64.ActiveCfg = Debug OpenGL3|x64
		{5ECB6AC4-D100-4327-BAC7-C2F6C3A7BFFF}.Debug OpenGL3|x64.Build.0 = Debug OpenGL3|x64
		{5ECB6AC4-D100-4327-BAC7-C2F6C3A7BFFF}.Debug OpenGL3|x86.ActiveCfg = Debug OpenGL3|x86
		{5ECB6AC4-D100-4327-BAC7-C2F6C3A7BFFF}.Debug OpenGL3|x86.Build.0 = Debug OpenGL3|x86
		{5ECB6AC4-D100-4327-BAC7-C2F6C3A7BFFF}.Debug WinRT|ARM.ActiveCfg = Debug Linux|x86
		{5ECB6AC4-D100-4327-BAC7-C2F6C3A7BFFF}.Debug WinRT|x64.ActiveCfg = Debug Direct3D11|x64
		{5ECB6AC4-D100-4327-BAC7-C2F6C3A7BFFF}.Debug WinRT|x86.ActiveCfg = Debug Direct3D11|x86
		{5ECB6AC4-D100-4327-BAC7-C2F6C3A7BFFF}.Release Direct3D11|ARM.ActiveCfg = Release Direct3D11|x86
		{5ECB6AC4-D100-4327-BAC7-C2F6C3A7BFFF}.Release Direct3D11|x64.ActiveCfg = Release Direct3D11|x64
		{5ECB6AC4-D100-4327-BAC7-C2F6C3A7BFFF}.Release Direct3D11|x64.Build.0 = Release Direct3D11|x64
		{5ECB6AC4-D100-4327-BAC7-C2F6C3A7BFFF}.Release Direct3D11|x86.ActiveCfg = Release Direct3D11|x86
		{5ECB6AC4-D100-4327-BAC7-C2F6C3A7BFFF}.Release Direct3D11|x86.Build.0 = Release Direct3D11|x86
		{5ECB6AC4-D100-4327-BAC7-C2F6C3A7BFFF}.Release OpenGL3|ARM.ActiveCfg = Release OpenGL3|x86
		{5ECB6AC4-D100-4327-BAC7-C2F6C3A7BFFF}.Release OpenGL3|x64.ActiveCfg = Release OpenGL3|x64
		{5ECB6AC4-D100-4327-BAC7-C2F6C3A7BFFF}.Release OpenGL3|x64.Build.0 = Release OpenGL3|x64
		{5ECB6AC4-D100-4327-BAC7-C2F6C3A7BFFF}.Release OpenGL3|x86.ActiveCfg = Release OpenGL3|x86
		{5ECB6AC4-D100-4327-BAC7-C2F6C3A7BFFF}.Release OpenGL3|x86.Build.0 = Release OpenGL3|x86
		{5ECB6AC4-D100-4327-BAC7-C2F6C3A7BFFF}.Release WinRT|ARM.ActiveCfg = Release Linux|x86
		{5ECB6AC4-D100-4327-BAC7-C2F6C3A7BFFF}.Release WinRT|x64.ActiveCfg = Release Direct3D11|x64
		{5ECB6AC4-D100-4327-BAC7-C2F6C3A7BFFF}.Release WinRT|x86.ActiveCfg = Release Direct3D11|x86
		{27821CA2-5536-4B05-8B3B-041AB47FCF53}.Debug Direct3D11|ARM.ActiveCfg = Debug WinRT|ARM
		{27821CA2-5536-4B05-8B3B-041AB47FCF53}.Debug Direct3D11|x64.ActiveCfg = Debug WinRT|x64
		{27821CA2-5536-4B05-8B3B-041AB47FCF53}.Debug Direct3D11|x86.ActiveCfg = Debug WinRT|x86
		{27821CA2-5536-4B05-8B3B-041AB47FCF53}.Debug OpenGL3|ARM.ActiveCfg = Debug WinRT|ARM
		{27821CA2-5536-4B05-8B3B-041AB47FCF53}.Debug OpenGL3|x64.ActiveCfg = Debug WinRT|x64
		{27821CA2-5536-4B05-8B3B-041AB47FCF53}.Debug OpenGL3|x86.ActiveCfg = Debug WinRT|x86
		{27821CA2-5536-4B05-8B3B-041AB47FCF53}.Debug WinRT|ARM.ActiveCfg = Debug WinRT|ARM
		{27821CA2-5536-4B05-8B3B-041AB47FCF53}.Debug WinRT|ARM.Build.0 = Debug WinRT|ARM
		{27821CA2-5536-4B05-8B3B-041AB47FCF53}.Debug WinRT|ARM.Deploy.0 = Debug WinRT|ARM
		{27821CA2-5536-4B05-8B3B-041AB47FCF53}.Debug WinRT|x64.ActiveCfg = Debug WinRT|x64
		{27821CA2-5536-4B05-8B3B-041AB47FCF53}.Debug WinRT|x64.Build.0 = Debug WinRT|x64
		{27821CA2-5536-4B05-8B3B-041AB47FCF53}.Debug WinRT|x64.Deploy.0 = Debug WinRT|x64
		{27821CA2-5536-4B05-8B3B-041AB47FCF53}.Debug WinRT|x86.ActiveCfg = Debug WinRT|x86
		{27821CA2-5536-4B05-8B3B-041AB47FCF53}.Debug WinRT|x86.Build.0 = Debug WinRT|x86
		{27821CA2-5536-4B05-8B3B-041AB47FCF53}.Debug WinRT|x86.Deploy.0 = Debug WinRT|x86
		{27821CA2-5536-4B05-8B3B-041AB47FCF53}.Release Direct3D11|ARM.ActiveCfg = Release WinRT|ARM
		{27821CA2-5536-4B05-8B3B-041AB47FCF53}.Release Direct3D11|x64.ActiveCfg = Release WinRT|x64
		{27821CA2-5536-4B05-8B3B-041AB47FCF53}.Release Direct3D11|x86.ActiveCfg = Release WinRT|x86
		{27821CA2-5536-4B05-8B3B-041AB47FCF53}.Release OpenGL3|ARM.ActiveCfg = Release WinRT|ARM
		{27821CA2-5536-4B05-8B3B-041AB47FCF53}.Release OpenGL3|x64.ActiveCfg = Release WinRT|x64
		{27821CA2-5536-4B05-8B3B-041AB47FCF53}.Release OpenGL3|x86.ActiveCfg = Release WinRT|x86
		{27821CA2-5536-4B05-8B3B-041AB47FCF53}.Release WinRT|ARM.ActiveCfg = Release WinRT|ARM
		{27821CA2-5536-4B05-8B3B-041AB47FCF53}.Release WinRT|ARM.Build.0 = Release WinRT|ARM
		{27821CA2-5536-4B05-8B3B-041AB47FCF53}.Release WinRT|ARM.Deploy.0 = Release WinRT|ARM
		{27821CA2-5536-4B05-8B3B-041AB47FCF53}.Release WinRT|x64.ActiveCfg = Release WinRT|x64
		{27821CA2-5536-4B05-8B3B-041AB47FCF53}.Release WinRT|x64.Build.0 = Release WinRT|x64
		{27821CA2-5536-4B05-8B3B-041AB47FCF53}.Release WinRT|x64.Deploy.0 = Release WinRT|x64
		{27821CA2-5536-4B05-8B3B-041AB47FCF53}.Release WinRT|x86.ActiveCfg = Release WinRT|x86
		{27821CA2-5536-4B05-8B3B-041AB47FCF53}.Release WinRT|x86.Build.0 = Release WinRT|x86
		{27821CA2-5536-4B05-8B3B-041AB47FCF53}.Release WinRT|x86.Deploy.0 = Release WinRT|x86
	EndGlobalSection
	GlobalSection(SolutionProperties) = preSolution
		HideSolutionNode = FALSE
	EndGlobalSection
	GlobalSection(NestedProjects) = preSolution
		{8243791D-FE6E-40BF-A303-D981AE9968C2} = {D826BBBC-720E-4A28-BB06-8244F58FFDEA}
		{4F8CF071-FFAA-49BB-B792-289C6EBD8E28} = {D826BBBC-720E-4A28-BB06-8244F58FFDEA}
		{E008FA73-A930-40B5-93A4-959A4D30492D} = {D826BBBC-720E-4A28-BB06-8244F58FFDEA}
		{5ECB6AC4-D100-4327-BAC7-C2F6C3A7BFFF} = {D826BBBC-720E-4A28-BB06-8244F58FFDEA}
		{27821CA2-5536-4B05-8B3B-041AB47FCF53} = {D826BBBC-720E-4A28-BB06-8244F58FFDEA}
		{3FAF28EF-649E-4BFB-9912-41EA68F4C0D7} = {6B72745B-9614-4132-81A3-50E42D7E8F61}
		{8FACAC14-48D0-45B8-BB39-F926835C850E} = {6B72745B-9614-4132-81A3-50E42D7E8F61}
		{1F608B12-403C-4639-947A-B559E8EF121C} = {6B72745B-9614-4132-81A3-50E42D7E8F61}
		{032C4229-B3A4-417F-8ED3-B2470E371F2D} = {2888CBDE-4111-4F27-BECF-3C67562FBABC}
		{1785E559-5B80-4EB1-956F-415B210A6B45} = {2888CBDE-4111-4F27-BECF-3C67562FBABC}
	EndGlobalSection
	GlobalSection(Performance) = preSolution
		HasPerformanceSessions = true
	EndGlobalSection
EndGlobal
