
Microsoft Visual Studio Solution File, Format Version 12.00
# Visual Studio 2013
VisualStudioVersion = 12.0.21005.1
MinimumVisualStudioVersion = 10.0.40219.1
Project("{FAE04EC0-301F-11D3-BF4B-00C04F79EFBC}") = "lwar App", "lwar\lwar App.csproj", "{288C9D6B-72B8-4EFF-B636-E8886657AF1A}"
	ProjectSection(ProjectDependencies) = postProject
		{1F608B12-403C-4639-947A-B559E8EF121C} = {1F608B12-403C-4639-947A-B559E8EF121C}
		{8243791D-FE6E-40BF-A303-D981AE9968C2} = {8243791D-FE6E-40BF-A303-D981AE9968C2}
		{1785E559-5B80-4EB1-956F-415B210A6B45} = {1785E559-5B80-4EB1-956F-415B210A6B45}
		{E008FA73-A930-40B5-93A4-959A4D30492D} = {E008FA73-A930-40B5-93A4-959A4D30492D}
	EndProjectSection
EndProject
Project("{FAE04EC0-301F-11D3-BF4B-00C04F79EFBC}") = "Pegasus Framework", "Pegasus\Pegasus Framework.csproj", "{C8A6F23B-0B3D-4910-8512-BEDE93D1F604}"
	ProjectSection(ProjectDependencies) = postProject
		{8FACAC14-48D0-45B8-BB39-F926835C850E} = {8FACAC14-48D0-45B8-BB39-F926835C850E}
		{032C4229-B3A4-417F-8ED3-B2470E371F2D} = {032C4229-B3A4-417F-8ED3-B2470E371F2D}
		{E008FA73-A930-40B5-93A4-959A4D30492D} = {E008FA73-A930-40B5-93A4-959A4D30492D}
	EndProjectSection
EndProject
Project("{8BC9CEB8-8B4A-11D0-8D11-00A0C91BC942}") = "Pegasus Platform", "Platform\Platform.vcxproj", "{E008FA73-A930-40B5-93A4-959A4D30492D}"
EndProject
Project("{8BC9CEB8-8B4A-11D0-8D11-00A0C91BC942}") = "lwar Server", "Server\Server.vcxproj", "{8243791D-FE6E-40BF-A303-D981AE9968C2}"
	ProjectSection(ProjectDependencies) = postProject
		{1F608B12-403C-4639-947A-B559E8EF121C} = {1F608B12-403C-4639-947A-B559E8EF121C}
	EndProjectSection
EndProject
Project("{2150E333-8FDC-42A3-9474-1A3956D46DE8}") = "Documentation", "Documentation", "{C4621122-D07F-4FD1-A423-0283770B2A69}"
	ProjectSection(SolutionItems) = preProject
		..\Documentation\gameplay.txt = ..\Documentation\gameplay.txt
		..\Documentation\network.txt = ..\Documentation\network.txt
		..\Documentation\TODO = ..\Documentation\TODO
		..\Documentation\UI Concept.txt = ..\Documentation\UI Concept.txt
	EndProjectSection
EndProject
Project("{FAE04EC0-301F-11D3-BF4B-00C04F79EFBC}") = "lwar Assets", "Lwar Assets\lwar Assets.csproj", "{1F608B12-403C-4639-947A-B559E8EF121C}"
EndProject
Project("{FAE04EC0-301F-11D3-BF4B-00C04F79EFBC}") = "Pegasus Assets Compiler", "Assets Compiler\Pegasus Assets Compiler.csproj", "{3FAF28EF-649E-4BFB-9912-41EA68F4C0D7}"
EndProject
Project("{FAE04EC0-301F-11D3-BF4B-00C04F79EFBC}") = "Pegasus Tests", "Tests\Pegasus Tests.csproj", "{4F8CF071-FFAA-49BB-B792-289C6EBD8E28}"
EndProject
Project("{FAE04EC0-301F-11D3-BF4B-00C04F79EFBC}") = "Pegasus Assets", "Pegasus Assets\Pegasus Assets.csproj", "{8FACAC14-48D0-45B8-BB39-F926835C850E}"
EndProject
Project("{FAE04EC0-301F-11D3-BF4B-00C04F79EFBC}") = "lwar UI", "lwar UI\lwar UI.csproj", "{1785E559-5B80-4EB1-956F-415B210A6B45}"
	ProjectSection(ProjectDependencies) = postProject
		{3FAF28EF-649E-4BFB-9912-41EA68F4C0D7} = {3FAF28EF-649E-4BFB-9912-41EA68F4C0D7}
	EndProjectSection
EndProject
Project("{FAE04EC0-301F-11D3-BF4B-00C04F79EFBC}") = "Pegasus UI", "Pegasus UI\Pegasus UI.csproj", "{032C4229-B3A4-417F-8ED3-B2470E371F2D}"
	ProjectSection(ProjectDependencies) = postProject
		{3FAF28EF-649E-4BFB-9912-41EA68F4C0D7} = {3FAF28EF-649E-4BFB-9912-41EA68F4C0D7}
	EndProjectSection
EndProject
Project("{2150E333-8FDC-42A3-9474-1A3956D46DE8}") = "lwar", "lwar", "{5E6A8087-B17B-445D-8C4B-F37EFAD18A45}"
EndProject
Project("{2150E333-8FDC-42A3-9474-1A3956D46DE8}") = "Pegasus", "Pegasus", "{D826BBBC-720E-4A28-BB06-8244F58FFDEA}"
EndProject
Global
	GlobalSection(SolutionConfigurationPlatforms) = preSolution
		Debug Direct3D11|x64 = Debug Direct3D11|x64
		Debug Direct3D11|x86 = Debug Direct3D11|x86
		Debug OpenGL3|x64 = Debug OpenGL3|x64
		Debug OpenGL3|x86 = Debug OpenGL3|x86
		Release Direct3D11|x64 = Release Direct3D11|x64
		Release Direct3D11|x86 = Release Direct3D11|x86
		Release OpenGL3|x64 = Release OpenGL3|x64
		Release OpenGL3|x86 = Release OpenGL3|x86
	EndGlobalSection
	GlobalSection(ProjectConfigurationPlatforms) = postSolution
		{288C9D6B-72B8-4EFF-B636-E8886657AF1A}.Debug Direct3D11|x64.ActiveCfg = Debug Direct3D11|Any CPU
		{288C9D6B-72B8-4EFF-B636-E8886657AF1A}.Debug Direct3D11|x64.Build.0 = Debug Direct3D11|Any CPU
		{288C9D6B-72B8-4EFF-B636-E8886657AF1A}.Debug Direct3D11|x86.ActiveCfg = Debug Direct3D11|x86
		{288C9D6B-72B8-4EFF-B636-E8886657AF1A}.Debug Direct3D11|x86.Build.0 = Debug Direct3D11|x86
		{288C9D6B-72B8-4EFF-B636-E8886657AF1A}.Debug OpenGL3|x64.ActiveCfg = Debug OpenGL3|Any CPU
		{288C9D6B-72B8-4EFF-B636-E8886657AF1A}.Debug OpenGL3|x64.Build.0 = Debug OpenGL3|Any CPU
		{288C9D6B-72B8-4EFF-B636-E8886657AF1A}.Debug OpenGL3|x86.ActiveCfg = Debug OpenGL3|x86
		{288C9D6B-72B8-4EFF-B636-E8886657AF1A}.Debug OpenGL3|x86.Build.0 = Debug OpenGL3|x86
		{288C9D6B-72B8-4EFF-B636-E8886657AF1A}.Release Direct3D11|x64.ActiveCfg = Release Direct3D11|Any CPU
		{288C9D6B-72B8-4EFF-B636-E8886657AF1A}.Release Direct3D11|x64.Build.0 = Release Direct3D11|Any CPU
		{288C9D6B-72B8-4EFF-B636-E8886657AF1A}.Release Direct3D11|x86.ActiveCfg = Release Direct3D11|x86
		{288C9D6B-72B8-4EFF-B636-E8886657AF1A}.Release Direct3D11|x86.Build.0 = Release Direct3D11|x86
		{288C9D6B-72B8-4EFF-B636-E8886657AF1A}.Release OpenGL3|x64.ActiveCfg = Release OpenGL3|Any CPU
		{288C9D6B-72B8-4EFF-B636-E8886657AF1A}.Release OpenGL3|x64.Build.0 = Release OpenGL3|Any CPU
		{288C9D6B-72B8-4EFF-B636-E8886657AF1A}.Release OpenGL3|x86.ActiveCfg = Release OpenGL3|x86
		{288C9D6B-72B8-4EFF-B636-E8886657AF1A}.Release OpenGL3|x86.Build.0 = Release OpenGL3|x86
		{C8A6F23B-0B3D-4910-8512-BEDE93D1F604}.Debug Direct3D11|x64.ActiveCfg = Debug Direct3D11|Any CPU
		{C8A6F23B-0B3D-4910-8512-BEDE93D1F604}.Debug Direct3D11|x64.Build.0 = Debug Direct3D11|Any CPU
		{C8A6F23B-0B3D-4910-8512-BEDE93D1F604}.Debug Direct3D11|x86.ActiveCfg = Debug Direct3D11|x86
		{C8A6F23B-0B3D-4910-8512-BEDE93D1F604}.Debug Direct3D11|x86.Build.0 = Debug Direct3D11|x86
		{C8A6F23B-0B3D-4910-8512-BEDE93D1F604}.Debug OpenGL3|x64.ActiveCfg = Debug OpenGL3|Any CPU
		{C8A6F23B-0B3D-4910-8512-BEDE93D1F604}.Debug OpenGL3|x64.Build.0 = Debug OpenGL3|Any CPU
		{C8A6F23B-0B3D-4910-8512-BEDE93D1F604}.Debug OpenGL3|x86.ActiveCfg = Debug OpenGL3|x86
		{C8A6F23B-0B3D-4910-8512-BEDE93D1F604}.Debug OpenGL3|x86.Build.0 = Debug OpenGL3|x86
		{C8A6F23B-0B3D-4910-8512-BEDE93D1F604}.Release Direct3D11|x64.ActiveCfg = Release Direct3D11|Any CPU
		{C8A6F23B-0B3D-4910-8512-BEDE93D1F604}.Release Direct3D11|x64.Build.0 = Release Direct3D11|Any CPU
		{C8A6F23B-0B3D-4910-8512-BEDE93D1F604}.Release Direct3D11|x86.ActiveCfg = Release Direct3D11|x86
		{C8A6F23B-0B3D-4910-8512-BEDE93D1F604}.Release Direct3D11|x86.Build.0 = Release Direct3D11|x86
		{C8A6F23B-0B3D-4910-8512-BEDE93D1F604}.Release OpenGL3|x64.ActiveCfg = Release OpenGL3|Any CPU
		{C8A6F23B-0B3D-4910-8512-BEDE93D1F604}.Release OpenGL3|x64.Build.0 = Release OpenGL3|Any CPU
		{C8A6F23B-0B3D-4910-8512-BEDE93D1F604}.Release OpenGL3|x86.ActiveCfg = Release OpenGL3|x86
		{C8A6F23B-0B3D-4910-8512-BEDE93D1F604}.Release OpenGL3|x86.Build.0 = Release OpenGL3|x86
		{E008FA73-A930-40B5-93A4-959A4D30492D}.Debug Direct3D11|x64.ActiveCfg = Debug Direct3D11|x64
		{E008FA73-A930-40B5-93A4-959A4D30492D}.Debug Direct3D11|x64.Build.0 = Debug Direct3D11|x64
		{E008FA73-A930-40B5-93A4-959A4D30492D}.Debug Direct3D11|x86.ActiveCfg = Debug Direct3D11|Win32
		{E008FA73-A930-40B5-93A4-959A4D30492D}.Debug Direct3D11|x86.Build.0 = Debug Direct3D11|Win32
		{E008FA73-A930-40B5-93A4-959A4D30492D}.Debug OpenGL3|x64.ActiveCfg = Debug OpenGL3|x64
		{E008FA73-A930-40B5-93A4-959A4D30492D}.Debug OpenGL3|x64.Build.0 = Debug OpenGL3|x64
		{E008FA73-A930-40B5-93A4-959A4D30492D}.Debug OpenGL3|x86.ActiveCfg = Debug OpenGL3|Win32
		{E008FA73-A930-40B5-93A4-959A4D30492D}.Debug OpenGL3|x86.Build.0 = Debug OpenGL3|Win32
		{E008FA73-A930-40B5-93A4-959A4D30492D}.Release Direct3D11|x64.ActiveCfg = Release Direct3D11|x64
		{E008FA73-A930-40B5-93A4-959A4D30492D}.Release Direct3D11|x64.Build.0 = Release Direct3D11|x64
		{E008FA73-A930-40B5-93A4-959A4D30492D}.Release Direct3D11|x86.ActiveCfg = Release Direct3D11|Win32
		{E008FA73-A930-40B5-93A4-959A4D30492D}.Release Direct3D11|x86.Build.0 = Release Direct3D11|Win32
		{E008FA73-A930-40B5-93A4-959A4D30492D}.Release OpenGL3|x64.ActiveCfg = Release OpenGL3|x64
		{E008FA73-A930-40B5-93A4-959A4D30492D}.Release OpenGL3|x64.Build.0 = Release OpenGL3|x64
		{E008FA73-A930-40B5-93A4-959A4D30492D}.Release OpenGL3|x86.ActiveCfg = Release OpenGL3|Win32
		{E008FA73-A930-40B5-93A4-959A4D30492D}.Release OpenGL3|x86.Build.0 = Release OpenGL3|Win32
		{8243791D-FE6E-40BF-A303-D981AE9968C2}.Debug Direct3D11|x64.ActiveCfg = Debug Direct3D11|x64
		{8243791D-FE6E-40BF-A303-D981AE9968C2}.Debug Direct3D11|x64.Build.0 = Debug Direct3D11|x64
		{8243791D-FE6E-40BF-A303-D981AE9968C2}.Debug Direct3D11|x86.ActiveCfg = Debug Direct3D11|Win32
		{8243791D-FE6E-40BF-A303-D981AE9968C2}.Debug Direct3D11|x86.Build.0 = Debug Direct3D11|Win32
		{8243791D-FE6E-40BF-A303-D981AE9968C2}.Debug OpenGL3|x64.ActiveCfg = Debug OpenGL3|x64
		{8243791D-FE6E-40BF-A303-D981AE9968C2}.Debug OpenGL3|x64.Build.0 = Debug OpenGL3|x64
		{8243791D-FE6E-40BF-A303-D981AE9968C2}.Debug OpenGL3|x86.ActiveCfg = Debug OpenGL3|Win32
		{8243791D-FE6E-40BF-A303-D981AE9968C2}.Debug OpenGL3|x86.Build.0 = Debug OpenGL3|Win32
		{8243791D-FE6E-40BF-A303-D981AE9968C2}.Release Direct3D11|x64.ActiveCfg = Release Direct3D11|x64
		{8243791D-FE6E-40BF-A303-D981AE9968C2}.Release Direct3D11|x64.Build.0 = Release Direct3D11|x64
		{8243791D-FE6E-40BF-A303-D981AE9968C2}.Release Direct3D11|x86.ActiveCfg = Release Direct3D11|Win32
		{8243791D-FE6E-40BF-A303-D981AE9968C2}.Release Direct3D11|x86.Build.0 = Release Direct3D11|Win32
		{8243791D-FE6E-40BF-A303-D981AE9968C2}.Release OpenGL3|x64.ActiveCfg = Release OpenGL3|x64
		{8243791D-FE6E-40BF-A303-D981AE9968C2}.Release OpenGL3|x64.Build.0 = Release OpenGL3|x64
		{8243791D-FE6E-40BF-A303-D981AE9968C2}.Release OpenGL3|x86.ActiveCfg = Release OpenGL3|Win32
		{8243791D-FE6E-40BF-A303-D981AE9968C2}.Release OpenGL3|x86.Build.0 = Release OpenGL3|Win32
		{1F608B12-403C-4639-947A-B559E8EF121C}.Debug Direct3D11|x64.ActiveCfg = Debug Direct3D11|x64
		{1F608B12-403C-4639-947A-B559E8EF121C}.Debug Direct3D11|x64.Build.0 = Debug Direct3D11|x64
		{1F608B12-403C-4639-947A-B559E8EF121C}.Debug Direct3D11|x86.ActiveCfg = Debug Direct3D11|x86
		{1F608B12-403C-4639-947A-B559E8EF121C}.Debug Direct3D11|x86.Build.0 = Debug Direct3D11|x86
		{1F608B12-403C-4639-947A-B559E8EF121C}.Debug OpenGL3|x64.ActiveCfg = Debug OpenGL3|x64
		{1F608B12-403C-4639-947A-B559E8EF121C}.Debug OpenGL3|x64.Build.0 = Debug OpenGL3|x64
		{1F608B12-403C-4639-947A-B559E8EF121C}.Debug OpenGL3|x86.ActiveCfg = Debug OpenGL3|x86
		{1F608B12-403C-4639-947A-B559E8EF121C}.Debug OpenGL3|x86.Build.0 = Debug OpenGL3|x86
		{1F608B12-403C-4639-947A-B559E8EF121C}.Release Direct3D11|x64.ActiveCfg = Release Direct3D11|x64
		{1F608B12-403C-4639-947A-B559E8EF121C}.Release Direct3D11|x64.Build.0 = Release Direct3D11|x64
		{1F608B12-403C-4639-947A-B559E8EF121C}.Release Direct3D11|x86.ActiveCfg = Release Direct3D11|x86
		{1F608B12-403C-4639-947A-B559E8EF121C}.Release Direct3D11|x86.Build.0 = Release Direct3D11|x86
		{1F608B12-403C-4639-947A-B559E8EF121C}.Release OpenGL3|x64.ActiveCfg = Release OpenGL3|x64
		{1F608B12-403C-4639-947A-B559E8EF121C}.Release OpenGL3|x64.Build.0 = Release OpenGL3|x64
		{1F608B12-403C-4639-947A-B559E8EF121C}.Release OpenGL3|x86.ActiveCfg = Release OpenGL3|x86
		{1F608B12-403C-4639-947A-B559E8EF121C}.Release OpenGL3|x86.Build.0 = Release OpenGL3|x86
		{3FAF28EF-649E-4BFB-9912-41EA68F4C0D7}.Debug Direct3D11|x64.ActiveCfg = Debug Direct3D11|Any CPU
		{3FAF28EF-649E-4BFB-9912-41EA68F4C0D7}.Debug Direct3D11|x64.Build.0 = Debug Direct3D11|Any CPU
		{3FAF28EF-649E-4BFB-9912-41EA68F4C0D7}.Debug Direct3D11|x86.ActiveCfg = Debug Direct3D11|x86
		{3FAF28EF-649E-4BFB-9912-41EA68F4C0D7}.Debug Direct3D11|x86.Build.0 = Debug Direct3D11|x86
		{3FAF28EF-649E-4BFB-9912-41EA68F4C0D7}.Debug OpenGL3|x64.ActiveCfg = Debug OpenGL3|Any CPU
		{3FAF28EF-649E-4BFB-9912-41EA68F4C0D7}.Debug OpenGL3|x64.Build.0 = Debug OpenGL3|Any CPU
		{3FAF28EF-649E-4BFB-9912-41EA68F4C0D7}.Debug OpenGL3|x86.ActiveCfg = Debug OpenGL3|x86
		{3FAF28EF-649E-4BFB-9912-41EA68F4C0D7}.Debug OpenGL3|x86.Build.0 = Debug OpenGL3|x86
		{3FAF28EF-649E-4BFB-9912-41EA68F4C0D7}.Release Direct3D11|x64.ActiveCfg = Release Direct3D11|Any CPU
		{3FAF28EF-649E-4BFB-9912-41EA68F4C0D7}.Release Direct3D11|x64.Build.0 = Release Direct3D11|Any CPU
		{3FAF28EF-649E-4BFB-9912-41EA68F4C0D7}.Release Direct3D11|x86.ActiveCfg = Release Direct3D11|x86
		{3FAF28EF-649E-4BFB-9912-41EA68F4C0D7}.Release Direct3D11|x86.Build.0 = Release Direct3D11|x86
		{3FAF28EF-649E-4BFB-9912-41EA68F4C0D7}.Release OpenGL3|x64.ActiveCfg = Release OpenGL3|Any CPU
		{3FAF28EF-649E-4BFB-9912-41EA68F4C0D7}.Release OpenGL3|x64.Build.0 = Release OpenGL3|Any CPU
		{3FAF28EF-649E-4BFB-9912-41EA68F4C0D7}.Release OpenGL3|x86.ActiveCfg = Release OpenGL3|x86
		{3FAF28EF-649E-4BFB-9912-41EA68F4C0D7}.Release OpenGL3|x86.Build.0 = Release OpenGL3|x86
		{4F8CF071-FFAA-49BB-B792-289C6EBD8E28}.Debug Direct3D11|x64.ActiveCfg = Debug|x64
		{4F8CF071-FFAA-49BB-B792-289C6EBD8E28}.Debug Direct3D11|x64.Build.0 = Debug|x64
		{4F8CF071-FFAA-49BB-B792-289C6EBD8E28}.Debug Direct3D11|x86.ActiveCfg = Debug|x86
		{4F8CF071-FFAA-49BB-B792-289C6EBD8E28}.Debug Direct3D11|x86.Build.0 = Debug|x86
		{4F8CF071-FFAA-49BB-B792-289C6EBD8E28}.Debug OpenGL3|x64.ActiveCfg = Debug|x64
		{4F8CF071-FFAA-49BB-B792-289C6EBD8E28}.Debug OpenGL3|x64.Build.0 = Debug|x64
		{4F8CF071-FFAA-49BB-B792-289C6EBD8E28}.Debug OpenGL3|x86.ActiveCfg = Debug|x86
		{4F8CF071-FFAA-49BB-B792-289C6EBD8E28}.Debug OpenGL3|x86.Build.0 = Debug|x86
		{4F8CF071-FFAA-49BB-B792-289C6EBD8E28}.Release Direct3D11|x64.ActiveCfg = Release|x64
		{4F8CF071-FFAA-49BB-B792-289C6EBD8E28}.Release Direct3D11|x64.Build.0 = Release|x64
		{4F8CF071-FFAA-49BB-B792-289C6EBD8E28}.Release Direct3D11|x86.ActiveCfg = Release|x86
		{4F8CF071-FFAA-49BB-B792-289C6EBD8E28}.Release Direct3D11|x86.Build.0 = Release|x86
		{4F8CF071-FFAA-49BB-B792-289C6EBD8E28}.Release OpenGL3|x64.ActiveCfg = Release|x64
		{4F8CF071-FFAA-49BB-B792-289C6EBD8E28}.Release OpenGL3|x64.Build.0 = Release|x64
		{4F8CF071-FFAA-49BB-B792-289C6EBD8E28}.Release OpenGL3|x86.ActiveCfg = Release|x86
		{4F8CF071-FFAA-49BB-B792-289C6EBD8E28}.Release OpenGL3|x86.Build.0 = Release|x86
		{8FACAC14-48D0-45B8-BB39-F926835C850E}.Debug Direct3D11|x64.ActiveCfg = Debug Direct3D11|x64
		{8FACAC14-48D0-45B8-BB39-F926835C850E}.Debug Direct3D11|x64.Build.0 = Debug Direct3D11|x64
		{8FACAC14-48D0-45B8-BB39-F926835C850E}.Debug Direct3D11|x86.ActiveCfg = Debug Direct3D11|x86
		{8FACAC14-48D0-45B8-BB39-F926835C850E}.Debug Direct3D11|x86.Build.0 = Debug Direct3D11|x86
		{8FACAC14-48D0-45B8-BB39-F926835C850E}.Debug OpenGL3|x64.ActiveCfg = Debug OpenGL3|x64
		{8FACAC14-48D0-45B8-BB39-F926835C850E}.Debug OpenGL3|x64.Build.0 = Debug OpenGL3|x64
		{8FACAC14-48D0-45B8-BB39-F926835C850E}.Debug OpenGL3|x86.ActiveCfg = Debug OpenGL3|x86
		{8FACAC14-48D0-45B8-BB39-F926835C850E}.Debug OpenGL3|x86.Build.0 = Debug OpenGL3|x86
		{8FACAC14-48D0-45B8-BB39-F926835C850E}.Release Direct3D11|x64.ActiveCfg = Release Direct3D11|x64
		{8FACAC14-48D0-45B8-BB39-F926835C850E}.Release Direct3D11|x64.Build.0 = Release Direct3D11|x64
		{8FACAC14-48D0-45B8-BB39-F926835C850E}.Release Direct3D11|x86.ActiveCfg = Release Direct3D11|x86
		{8FACAC14-48D0-45B8-BB39-F926835C850E}.Release Direct3D11|x86.Build.0 = Release Direct3D11|x86
		{8FACAC14-48D0-45B8-BB39-F926835C850E}.Release OpenGL3|x64.ActiveCfg = Release OpenGL3|x64
		{8FACAC14-48D0-45B8-BB39-F926835C850E}.Release OpenGL3|x64.Build.0 = Release OpenGL3|x64
		{8FACAC14-48D0-45B8-BB39-F926835C850E}.Release OpenGL3|x86.ActiveCfg = Release OpenGL3|x86
		{8FACAC14-48D0-45B8-BB39-F926835C850E}.Release OpenGL3|x86.Build.0 = Release OpenGL3|x86
		{1785E559-5B80-4EB1-956F-415B210A6B45}.Debug Direct3D11|x64.ActiveCfg = Debug Direct3D11|Any CPU
		{1785E559-5B80-4EB1-956F-415B210A6B45}.Debug Direct3D11|x64.Build.0 = Debug Direct3D11|Any CPU
		{1785E559-5B80-4EB1-956F-415B210A6B45}.Debug Direct3D11|x86.ActiveCfg = Debug Direct3D11|x86
		{1785E559-5B80-4EB1-956F-415B210A6B45}.Debug Direct3D11|x86.Build.0 = Debug Direct3D11|x86
		{1785E559-5B80-4EB1-956F-415B210A6B45}.Debug OpenGL3|x64.ActiveCfg = Debug OpenGL3|Any CPU
		{1785E559-5B80-4EB1-956F-415B210A6B45}.Debug OpenGL3|x64.Build.0 = Debug OpenGL3|Any CPU
		{1785E559-5B80-4EB1-956F-415B210A6B45}.Debug OpenGL3|x86.ActiveCfg = Debug OpenGL3|x86
		{1785E559-5B80-4EB1-956F-415B210A6B45}.Debug OpenGL3|x86.Build.0 = Debug OpenGL3|x86
		{1785E559-5B80-4EB1-956F-415B210A6B45}.Release Direct3D11|x64.ActiveCfg = Release Direct3D11|Any CPU
		{1785E559-5B80-4EB1-956F-415B210A6B45}.Release Direct3D11|x64.Build.0 = Release Direct3D11|Any CPU
		{1785E559-5B80-4EB1-956F-415B210A6B45}.Release Direct3D11|x86.ActiveCfg = Release Direct3D11|x86
		{1785E559-5B80-4EB1-956F-415B210A6B45}.Release Direct3D11|x86.Build.0 = Release Direct3D11|x86
		{1785E559-5B80-4EB1-956F-415B210A6B45}.Release OpenGL3|x64.ActiveCfg = Release OpenGL3|Any CPU
		{1785E559-5B80-4EB1-956F-415B210A6B45}.Release OpenGL3|x64.Build.0 = Release OpenGL3|Any CPU
		{1785E559-5B80-4EB1-956F-415B210A6B45}.Release OpenGL3|x86.ActiveCfg = Release OpenGL3|x86
		{1785E559-5B80-4EB1-956F-415B210A6B45}.Release OpenGL3|x86.Build.0 = Release OpenGL3|x86
		{032C4229-B3A4-417F-8ED3-B2470E371F2D}.Debug Direct3D11|x64.ActiveCfg = Debug Direct3D11|Any CPU
		{032C4229-B3A4-417F-8ED3-B2470E371F2D}.Debug Direct3D11|x64.Build.0 = Debug Direct3D11|Any CPU
		{032C4229-B3A4-417F-8ED3-B2470E371F2D}.Debug Direct3D11|x86.ActiveCfg = Debug Direct3D11|x86
		{032C4229-B3A4-417F-8ED3-B2470E371F2D}.Debug Direct3D11|x86.Build.0 = Debug Direct3D11|x86
		{032C4229-B3A4-417F-8ED3-B2470E371F2D}.Debug OpenGL3|x64.ActiveCfg = Debug OpenGL3|Any CPU
		{032C4229-B3A4-417F-8ED3-B2470E371F2D}.Debug OpenGL3|x64.Build.0 = Debug OpenGL3|Any CPU
		{032C4229-B3A4-417F-8ED3-B2470E371F2D}.Debug OpenGL3|x86.ActiveCfg = Debug OpenGL3|x86
		{032C4229-B3A4-417F-8ED3-B2470E371F2D}.Debug OpenGL3|x86.Build.0 = Debug OpenGL3|x86
		{032C4229-B3A4-417F-8ED3-B2470E371F2D}.Release Direct3D11|x64.ActiveCfg = Release Direct3D11|Any CPU
		{032C4229-B3A4-417F-8ED3-B2470E371F2D}.Release Direct3D11|x64.Build.0 = Release Direct3D11|Any CPU
		{032C4229-B3A4-417F-8ED3-B2470E371F2D}.Release Direct3D11|x86.ActiveCfg = Release Direct3D11|x86
		{032C4229-B3A4-417F-8ED3-B2470E371F2D}.Release Direct3D11|x86.Build.0 = Release Direct3D11|x86
		{032C4229-B3A4-417F-8ED3-B2470E371F2D}.Release OpenGL3|x64.ActiveCfg = Release OpenGL3|Any CPU
		{032C4229-B3A4-417F-8ED3-B2470E371F2D}.Release OpenGL3|x64.Build.0 = Release OpenGL3|Any CPU
		{032C4229-B3A4-417F-8ED3-B2470E371F2D}.Release OpenGL3|x86.ActiveCfg = Release OpenGL3|x86
		{032C4229-B3A4-417F-8ED3-B2470E371F2D}.Release OpenGL3|x86.Build.0 = Release OpenGL3|x86
	EndGlobalSection
	GlobalSection(SolutionProperties) = preSolution
		HideSolutionNode = FALSE
	EndGlobalSection
	GlobalSection(NestedProjects) = preSolution
		{8243791D-FE6E-40BF-A303-D981AE9968C2} = {5E6A8087-B17B-445D-8C4B-F37EFAD18A45}
		{1F608B12-403C-4639-947A-B559E8EF121C} = {5E6A8087-B17B-445D-8C4B-F37EFAD18A45}
		{1785E559-5B80-4EB1-956F-415B210A6B45} = {5E6A8087-B17B-445D-8C4B-F37EFAD18A45}
		{288C9D6B-72B8-4EFF-B636-E8886657AF1A} = {5E6A8087-B17B-445D-8C4B-F37EFAD18A45}
		{E008FA73-A930-40B5-93A4-959A4D30492D} = {D826BBBC-720E-4A28-BB06-8244F58FFDEA}
		{3FAF28EF-649E-4BFB-9912-41EA68F4C0D7} = {D826BBBC-720E-4A28-BB06-8244F58FFDEA}
		{4F8CF071-FFAA-49BB-B792-289C6EBD8E28} = {D826BBBC-720E-4A28-BB06-8244F58FFDEA}
		{8FACAC14-48D0-45B8-BB39-F926835C850E} = {D826BBBC-720E-4A28-BB06-8244F58FFDEA}
		{032C4229-B3A4-417F-8ED3-B2470E371F2D} = {D826BBBC-720E-4A28-BB06-8244F58FFDEA}
		{C8A6F23B-0B3D-4910-8512-BEDE93D1F604} = {D826BBBC-720E-4A28-BB06-8244F58FFDEA}
	EndGlobalSection
EndGlobal
