
Microsoft Visual Studio Solution File, Format Version 12.00
# Visual Studio 2013
VisualStudioVersion = 12.0.30723.0
MinimumVisualStudioVersion = 10.0.40219.1
Project("{FAE04EC0-301F-11D3-BF4B-00C04F79EFBC}") = "Pegasus UI", "Pegasus\User Interface\Pegasus UI.csproj", "{032C4229-B3A4-417F-8ED3-B2470E371F2D}"
EndProject
Project("{FAE04EC0-301F-11D3-BF4B-00C04F79EFBC}") = "Lwar UI", "Lwar\User Interface\Lwar UI.csproj", "{1785E559-5B80-4EB1-956F-415B210A6B45}"
EndProject
Global
	GlobalSection(SolutionConfigurationPlatforms) = preSolution
		Debug|Any CPU = Debug|Any CPU
		Release|Any CPU = Release|Any CPU
	EndGlobalSection
	GlobalSection(ProjectConfigurationPlatforms) = postSolution
		{032C4229-B3A4-417F-8ED3-B2470E371F2D}.Debug|Any CPU.ActiveCfg = Debug Direct3D11|Any CPU
		{032C4229-B3A4-417F-8ED3-B2470E371F2D}.Debug|Any CPU.Build.0 = Debug Direct3D11|Any CPU
		{032C4229-B3A4-417F-8ED3-B2470E371F2D}.Release|Any CPU.ActiveCfg = Release Direct3D11|Any CPU
		{032C4229-B3A4-417F-8ED3-B2470E371F2D}.Release|Any CPU.Build.0 = Release Direct3D11|Any CPU
		{1785E559-5B80-4EB1-956F-415B210A6B45}.Debug|Any CPU.ActiveCfg = Debug Direct3D11|Any CPU
		{1785E559-5B80-4EB1-956F-415B210A6B45}.Debug|Any CPU.Build.0 = Debug Direct3D11|Any CPU
		{1785E559-5B80-4EB1-956F-415B210A6B45}.Release|Any CPU.ActiveCfg = Release Direct3D11|Any CPU
		{1785E559-5B80-4EB1-956F-415B210A6B45}.Release|Any CPU.Build.0 = Release Direct3D11|Any CPU
	EndGlobalSection
	GlobalSection(SolutionProperties) = preSolution
		HideSolutionNode = FALSE
	EndGlobalSection
EndGlobal
