<?xml version="1.0" encoding="utf-8"?>
<Project ToolsVersion="4.0" xmlns="http://schemas.microsoft.com/developer/msbuild/2003">
  <ItemGroup>
    <ClCompile Include="client.c" />
    <ClCompile Include="connection.c" />
    <ClCompile Include="entity.c" />
    <ClCompile Include="log.c" />
    <ClCompile Include="message.c" />
    <ClCompile Include="physics.c" />
    <ClCompile Include="pq.c" />
    <ClCompile Include="protocol.c" />
    <ClCompile Include="server.c" />
    <ClCompile Include="time.c" />
    <ClCompile Include="uint.c" />
    <ClCompile Include="packet.c" />
    <ClCompile Include="pool.c" />
    <ClCompile Include="player.c" />
    <ClCompile Include="rules.c" />
    <ClCompile Include="format.c" />
    <ClCompile Include="queue.c" />
    <ClCompile Include="update.c" />
    <ClCompile Include="array.c" />
    <ClCompile Include="templates.c" />
  </ItemGroup>
  <ItemGroup>
    <ClInclude Include="connection.h" />
    <ClInclude Include="list.h" />
    <ClInclude Include="log.h" />
    <ClInclude Include="message.h" />
    <ClInclude Include="pq.h" />
    <ClInclude Include="server.h" />
    <ClInclude Include="uint.h" />
    <ClInclude Include="vector.h" />
    <ClInclude Include="server_export.h" />
    <ClInclude Include="coroutine.h" />
    <ClInclude Include="rules.h" />
    <ClInclude Include="packet.h" />
    <ClInclude Include="pool.h" />
    <ClInclude Include="performance.h" />
    <ClInclude Include="update.h" />
    <ClInclude Include="bitset.h" />
    <ClInclude Include="array.h" />
    <ClInclude Include="entity.h" />
    <ClInclude Include="address.h" />
  </ItemGroup>
</Project>